// !$*UTF8*$!
{
	archiveVersion = 1;
	classes = {
	};
	objectVersion = 46;
	objects = {

/* Begin PBXBuildFile section */
		120927E21A87E37F0023D05B /* ConversionViewController.swift in Sources */ = {isa = PBXBuildFile; fileRef = 120927E11A87E37F0023D05B /* ConversionViewController.swift */; };
		120927E41A87E92C0023D05B /* Extensions.swift in Sources */ = {isa = PBXBuildFile; fileRef = 120927E31A87E92C0023D05B /* Extensions.swift */; };
		1214AF5B1A4B346100F31ED8 /* AppDelegate.swift in Sources */ = {isa = PBXBuildFile; fileRef = 1214AF5A1A4B346100F31ED8 /* AppDelegate.swift */; };
		1214AF5D1A4B346100F31ED8 /* SourceEditViewController.swift in Sources */ = {isa = PBXBuildFile; fileRef = 1214AF5C1A4B346100F31ED8 /* SourceEditViewController.swift */; };
		1214AF5F1A4B346100F31ED8 /* Document.swift in Sources */ = {isa = PBXBuildFile; fileRef = 1214AF5E1A4B346100F31ED8 /* Document.swift */; };
		1214AF611A4B346100F31ED8 /* Images.xcassets in Resources */ = {isa = PBXBuildFile; fileRef = 1214AF601A4B346100F31ED8 /* Images.xcassets */; };
		1214AF641A4B346100F31ED8 /* Main.storyboard in Resources */ = {isa = PBXBuildFile; fileRef = 1214AF621A4B346100F31ED8 /* Main.storyboard */; };
		1214AF701A4B346100F31ED8 /* LazyCocoa_MacAppTests.swift in Sources */ = {isa = PBXBuildFile; fileRef = 1214AF6F1A4B346100F31ED8 /* LazyCocoa_MacAppTests.swift */; };
		122941EA1AAB77B700782A2C /* UserDefaults.swift in Sources */ = {isa = PBXBuildFile; fileRef = 122941E91AAB77B700782A2C /* UserDefaults.swift */; };
		125DD5D21A84C09C00C90757 /* FileManager.swift in Sources */ = {isa = PBXBuildFile; fileRef = 125DD5D11A84C09C00C90757 /* FileManager.swift */; };
		12767EEA1A503E0E00BCFED3 /* LineModel.swift in Sources */ = {isa = PBXBuildFile; fileRef = 12767EE91A503E0E00BCFED3 /* LineModel.swift */; };
		12C5359D1A8C216900B1B287 /* NewScanningMechanism.swift in Sources */ = {isa = PBXBuildFile; fileRef = 12C5359C1A8C216900B1B287 /* NewScanningMechanism.swift */; };
		12E12DD11A89181D001E96E0 /* ColorScanner.swift in Sources */ = {isa = PBXBuildFile; fileRef = 12E12DD01A89181D001E96E0 /* ColorScanner.swift */; };
		12F20B1C1ABED56700B5611A /* ChangeHeaderViewController.swift in Sources */ = {isa = PBXBuildFile; fileRef = 12F20B1B1ABED56700B5611A /* ChangeHeaderViewController.swift */; };
		12F9837F1A4D8BC30041FE43 /* ColorModel.swift in Sources */ = {isa = PBXBuildFile; fileRef = 12F9837D1A4D8BC30041FE43 /* ColorModel.swift */; };
		12F983801A4D8BC30041FE43 /* DocumentAnalyzer.swift in Sources */ = {isa = PBXBuildFile; fileRef = 12F9837E1A4D8BC30041FE43 /* DocumentAnalyzer.swift */; };
		12F983841A4D92380041FE43 /* Base.swift in Sources */ = {isa = PBXBuildFile; fileRef = 12F983831A4D92380041FE43 /* Base.swift */; };
		12F983861A4DC3E40041FE43 /* FontModel.swift in Sources */ = {isa = PBXBuildFile; fileRef = 12F983851A4DC3E40041FE43 /* FontModel.swift */; };
		12F983881A4DECA30041FE43 /* LineModelContainer.swift in Sources */ = {isa = PBXBuildFile; fileRef = 12F983871A4DECA30041FE43 /* LineModelContainer.swift */; };
/* End PBXBuildFile section */

/* Begin PBXContainerItemProxy section */
		1214AF6A1A4B346100F31ED8 /* PBXContainerItemProxy */ = {
			isa = PBXContainerItemProxy;
			containerPortal = 1214AF4D1A4B346100F31ED8 /* Project object */;
			proxyType = 1;
			remoteGlobalIDString = 1214AF541A4B346100F31ED8;
			remoteInfo = "LazyCocoa-MacApp";
		};
/* End PBXContainerItemProxy section */

/* Begin PBXFileReference section */
		120927E11A87E37F0023D05B /* ConversionViewController.swift */ = {isa = PBXFileReference; fileEncoding = 4; lastKnownFileType = sourcecode.swift; path = ConversionViewController.swift; sourceTree = "<group>"; };
		120927E31A87E92C0023D05B /* Extensions.swift */ = {isa = PBXFileReference; fileEncoding = 4; lastKnownFileType = sourcecode.swift; path = Extensions.swift; sourceTree = "<group>"; };
		1214AF551A4B346100F31ED8 /* LazyCocoa-MacApp.app */ = {isa = PBXFileReference; explicitFileType = wrapper.application; includeInIndex = 0; path = "LazyCocoa-MacApp.app"; sourceTree = BUILT_PRODUCTS_DIR; };
		1214AF591A4B346100F31ED8 /* Info.plist */ = {isa = PBXFileReference; lastKnownFileType = text.plist.xml; path = Info.plist; sourceTree = "<group>"; };
		1214AF5A1A4B346100F31ED8 /* AppDelegate.swift */ = {isa = PBXFileReference; lastKnownFileType = sourcecode.swift; path = AppDelegate.swift; sourceTree = "<group>"; };
		1214AF5C1A4B346100F31ED8 /* SourceEditViewController.swift */ = {isa = PBXFileReference; lastKnownFileType = sourcecode.swift; path = SourceEditViewController.swift; sourceTree = "<group>"; };
		1214AF5E1A4B346100F31ED8 /* Document.swift */ = {isa = PBXFileReference; lastKnownFileType = sourcecode.swift; path = Document.swift; sourceTree = "<group>"; };
		1214AF601A4B346100F31ED8 /* Images.xcassets */ = {isa = PBXFileReference; lastKnownFileType = folder.assetcatalog; path = Images.xcassets; sourceTree = "<group>"; };
		1214AF631A4B346100F31ED8 /* Base */ = {isa = PBXFileReference; lastKnownFileType = file.storyboard; name = Base; path = Base.lproj/Main.storyboard; sourceTree = "<group>"; };
		1214AF691A4B346100F31ED8 /* LazyCocoa-MacAppTests.xctest */ = {isa = PBXFileReference; explicitFileType = wrapper.cfbundle; includeInIndex = 0; path = "LazyCocoa-MacAppTests.xctest"; sourceTree = BUILT_PRODUCTS_DIR; };
		1214AF6E1A4B346100F31ED8 /* Info.plist */ = {isa = PBXFileReference; lastKnownFileType = text.plist.xml; path = Info.plist; sourceTree = "<group>"; };
		1214AF6F1A4B346100F31ED8 /* LazyCocoa_MacAppTests.swift */ = {isa = PBXFileReference; lastKnownFileType = sourcecode.swift; path = LazyCocoa_MacAppTests.swift; sourceTree = "<group>"; };
		122941E91AAB77B700782A2C /* UserDefaults.swift */ = {isa = PBXFileReference; fileEncoding = 4; lastKnownFileType = sourcecode.swift; path = UserDefaults.swift; sourceTree = "<group>"; };
		125DD5D11A84C09C00C90757 /* FileManager.swift */ = {isa = PBXFileReference; fileEncoding = 4; lastKnownFileType = sourcecode.swift; path = FileManager.swift; sourceTree = "<group>"; };
		12767EE91A503E0E00BCFED3 /* LineModel.swift */ = {isa = PBXFileReference; fileEncoding = 4; lastKnownFileType = sourcecode.swift; path = LineModel.swift; sourceTree = "<group>"; };
		12C5359C1A8C216900B1B287 /* NewScanningMechanism.swift */ = {isa = PBXFileReference; fileEncoding = 4; lastKnownFileType = sourcecode.swift; path = NewScanningMechanism.swift; sourceTree = "<group>"; };
		12E12DD01A89181D001E96E0 /* ColorScanner.swift */ = {isa = PBXFileReference; fileEncoding = 4; lastKnownFileType = sourcecode.swift; path = ColorScanner.swift; sourceTree = "<group>"; };
		12F20B1B1ABED56700B5611A /* ChangeHeaderViewController.swift */ = {isa = PBXFileReference; fileEncoding = 4; lastKnownFileType = sourcecode.swift; path = ChangeHeaderViewController.swift; sourceTree = "<group>"; };
		12F9837D1A4D8BC30041FE43 /* ColorModel.swift */ = {isa = PBXFileReference; fileEncoding = 4; lastKnownFileType = sourcecode.swift; path = ColorModel.swift; sourceTree = "<group>"; };
		12F9837E1A4D8BC30041FE43 /* DocumentAnalyzer.swift */ = {isa = PBXFileReference; fileEncoding = 4; lastKnownFileType = sourcecode.swift; path = DocumentAnalyzer.swift; sourceTree = "<group>"; };
		12F983831A4D92380041FE43 /* Base.swift */ = {isa = PBXFileReference; fileEncoding = 4; lastKnownFileType = sourcecode.swift; path = Base.swift; sourceTree = "<group>"; };
		12F983851A4DC3E40041FE43 /* FontModel.swift */ = {isa = PBXFileReference; fileEncoding = 4; lastKnownFileType = sourcecode.swift; path = FontModel.swift; sourceTree = "<group>"; };
		12F983871A4DECA30041FE43 /* LineModelContainer.swift */ = {isa = PBXFileReference; fileEncoding = 4; lastKnownFileType = sourcecode.swift; path = LineModelContainer.swift; sourceTree = "<group>"; };
		12FAA5611A4EF04400C3312B /* LazyCocoa-MacApp-Bridging-Header.h */ = {isa = PBXFileReference; lastKnownFileType = sourcecode.c.h; path = "LazyCocoa-MacApp-Bridging-Header.h"; sourceTree = "<group>"; };
/* End PBXFileReference section */

/* Begin PBXFrameworksBuildPhase section */
		1214AF521A4B346100F31ED8 /* Frameworks */ = {
			isa = PBXFrameworksBuildPhase;
			buildActionMask = 2147483647;
			files = (
			);
			runOnlyForDeploymentPostprocessing = 0;
		};
		1214AF661A4B346100F31ED8 /* Frameworks */ = {
			isa = PBXFrameworksBuildPhase;
			buildActionMask = 2147483647;
			files = (
			);
			runOnlyForDeploymentPostprocessing = 0;
		};
/* End PBXFrameworksBuildPhase section */

/* Begin PBXGroup section */
		1214AF4C1A4B346100F31ED8 = {
			isa = PBXGroup;
			children = (
				1214AF571A4B346100F31ED8 /* LazyCocoa-MacApp */,
				1214AF6C1A4B346100F31ED8 /* LazyCocoa-MacAppTests */,
				1214AF561A4B346100F31ED8 /* Products */,
			);
			sourceTree = "<group>";
		};
		1214AF561A4B346100F31ED8 /* Products */ = {
			isa = PBXGroup;
			children = (
				1214AF551A4B346100F31ED8 /* LazyCocoa-MacApp.app */,
				1214AF691A4B346100F31ED8 /* LazyCocoa-MacAppTests.xctest */,
			);
			name = Products;
			sourceTree = "<group>";
		};
		1214AF571A4B346100F31ED8 /* LazyCocoa-MacApp */ = {
			isa = PBXGroup;
			children = (
				12F9837C1A4D8BC30041FE43 /* Core */,
				1214AF5A1A4B346100F31ED8 /* AppDelegate.swift */,
				1214AF5C1A4B346100F31ED8 /* SourceEditViewController.swift */,
				120927E11A87E37F0023D05B /* ConversionViewController.swift */,
				12F20B1B1ABED56700B5611A /* ChangeHeaderViewController.swift */,
				120927E31A87E92C0023D05B /* Extensions.swift */,
				1214AF5E1A4B346100F31ED8 /* Document.swift */,
				1214AF601A4B346100F31ED8 /* Images.xcassets */,
				1214AF621A4B346100F31ED8 /* Main.storyboard */,
				1214AF581A4B346100F31ED8 /* Supporting Files */,
			);
			path = "LazyCocoa-MacApp";
			sourceTree = "<group>";
		};
		1214AF581A4B346100F31ED8 /* Supporting Files */ = {
			isa = PBXGroup;
			children = (
				1214AF591A4B346100F31ED8 /* Info.plist */,
			);
			name = "Supporting Files";
			sourceTree = "<group>";
		};
		1214AF6C1A4B346100F31ED8 /* LazyCocoa-MacAppTests */ = {
			isa = PBXGroup;
			children = (
				1214AF6F1A4B346100F31ED8 /* LazyCocoa_MacAppTests.swift */,
				1214AF6D1A4B346100F31ED8 /* Supporting Files */,
			);
			path = "LazyCocoa-MacAppTests";
			sourceTree = "<group>";
		};
		1214AF6D1A4B346100F31ED8 /* Supporting Files */ = {
			isa = PBXGroup;
			children = (
				1214AF6E1A4B346100F31ED8 /* Info.plist */,
			);
			name = "Supporting Files";
			sourceTree = "<group>";
		};
		12F9837C1A4D8BC30041FE43 /* Core */ = {
			isa = PBXGroup;
			children = (
				12F9837D1A4D8BC30041FE43 /* ColorModel.swift */,
				12E12DD01A89181D001E96E0 /* ColorScanner.swift */,
				12F983851A4DC3E40041FE43 /* FontModel.swift */,
				12F983831A4D92380041FE43 /* Base.swift */,
				125DD5D11A84C09C00C90757 /* FileManager.swift */,
				12F9837E1A4D8BC30041FE43 /* DocumentAnalyzer.swift */,
				12F983871A4DECA30041FE43 /* LineModelContainer.swift */,
				12767EE91A503E0E00BCFED3 /* LineModel.swift */,
				12C5359C1A8C216900B1B287 /* NewScanningMechanism.swift */,
				12FAA5611A4EF04400C3312B /* LazyCocoa-MacApp-Bridging-Header.h */,
				122941E91AAB77B700782A2C /* UserDefaults.swift */,
			);
			path = Core;
			sourceTree = "<group>";
		};
/* End PBXGroup section */

/* Begin PBXNativeTarget section */
		1214AF541A4B346100F31ED8 /* LazyCocoa-MacApp */ = {
			isa = PBXNativeTarget;
			buildConfigurationList = 1214AF731A4B346100F31ED8 /* Build configuration list for PBXNativeTarget "LazyCocoa-MacApp" */;
			buildPhases = (
				1214AF511A4B346100F31ED8 /* Sources */,
				1214AF521A4B346100F31ED8 /* Frameworks */,
				1214AF531A4B346100F31ED8 /* Resources */,
			);
			buildRules = (
			);
			dependencies = (
			);
			name = "LazyCocoa-MacApp";
			productName = "LazyCocoa-MacApp";
			productReference = 1214AF551A4B346100F31ED8 /* LazyCocoa-MacApp.app */;
			productType = "com.apple.product-type.application";
		};
		1214AF681A4B346100F31ED8 /* LazyCocoa-MacAppTests */ = {
			isa = PBXNativeTarget;
			buildConfigurationList = 1214AF761A4B346100F31ED8 /* Build configuration list for PBXNativeTarget "LazyCocoa-MacAppTests" */;
			buildPhases = (
				1214AF651A4B346100F31ED8 /* Sources */,
				1214AF661A4B346100F31ED8 /* Frameworks */,
				1214AF671A4B346100F31ED8 /* Resources */,
			);
			buildRules = (
			);
			dependencies = (
				1214AF6B1A4B346100F31ED8 /* PBXTargetDependency */,
			);
			name = "LazyCocoa-MacAppTests";
			productName = "LazyCocoa-MacAppTests";
			productReference = 1214AF691A4B346100F31ED8 /* LazyCocoa-MacAppTests.xctest */;
			productType = "com.apple.product-type.bundle.unit-test";
		};
/* End PBXNativeTarget section */

/* Begin PBXProject section */
		1214AF4D1A4B346100F31ED8 /* Project object */ = {
			isa = PBXProject;
			attributes = {
				LastUpgradeCheck = 0610;
				ORGANIZATIONNAME = "Yichi Zhang";
				TargetAttributes = {
					1214AF541A4B346100F31ED8 = {
						CreatedOnToolsVersion = 6.1.1;
					};
					1214AF681A4B346100F31ED8 = {
						CreatedOnToolsVersion = 6.1.1;
						TestTargetID = 1214AF541A4B346100F31ED8;
					};
				};
			};
			buildConfigurationList = 1214AF501A4B346100F31ED8 /* Build configuration list for PBXProject "LazyCocoa-MacApp" */;
			compatibilityVersion = "Xcode 3.2";
			developmentRegion = English;
			hasScannedForEncodings = 0;
			knownRegions = (
				en,
				Base,
			);
			mainGroup = 1214AF4C1A4B346100F31ED8;
			productRefGroup = 1214AF561A4B346100F31ED8 /* Products */;
			projectDirPath = "";
			projectRoot = "";
			targets = (
				1214AF541A4B346100F31ED8 /* LazyCocoa-MacApp */,
				1214AF681A4B346100F31ED8 /* LazyCocoa-MacAppTests */,
			);
		};
/* End PBXProject section */

/* Begin PBXResourcesBuildPhase section */
		1214AF531A4B346100F31ED8 /* Resources */ = {
			isa = PBXResourcesBuildPhase;
			buildActionMask = 2147483647;
			files = (
				1214AF611A4B346100F31ED8 /* Images.xcassets in Resources */,
				1214AF641A4B346100F31ED8 /* Main.storyboard in Resources */,
			);
			runOnlyForDeploymentPostprocessing = 0;
		};
		1214AF671A4B346100F31ED8 /* Resources */ = {
			isa = PBXResourcesBuildPhase;
			buildActionMask = 2147483647;
			files = (
			);
			runOnlyForDeploymentPostprocessing = 0;
		};
/* End PBXResourcesBuildPhase section */

/* Begin PBXSourcesBuildPhase section */
		1214AF511A4B346100F31ED8 /* Sources */ = {
			isa = PBXSourcesBuildPhase;
			buildActionMask = 2147483647;
			files = (
				1214AF5D1A4B346100F31ED8 /* SourceEditViewController.swift in Sources */,
				12F983881A4DECA30041FE43 /* LineModelContainer.swift in Sources */,
				12F20B1C1ABED56700B5611A /* ChangeHeaderViewController.swift in Sources */,
				12F9837F1A4D8BC30041FE43 /* ColorModel.swift in Sources */,
				12E12DD11A89181D001E96E0 /* ColorScanner.swift in Sources */,
				12F983861A4DC3E40041FE43 /* FontModel.swift in Sources */,
				122941EA1AAB77B700782A2C /* UserDefaults.swift in Sources */,
				1214AF5B1A4B346100F31ED8 /* AppDelegate.swift in Sources */,
				125DD5D21A84C09C00C90757 /* FileManager.swift in Sources */,
				120927E21A87E37F0023D05B /* ConversionViewController.swift in Sources */,
				12F983801A4D8BC30041FE43 /* DocumentAnalyzer.swift in Sources */,
				1214AF5F1A4B346100F31ED8 /* Document.swift in Sources */,
				12F983841A4D92380041FE43 /* Base.swift in Sources */,
				12C5359D1A8C216900B1B287 /* NewScanningMechanism.swift in Sources */,
				12767EEA1A503E0E00BCFED3 /* LineModel.swift in Sources */,
				120927E41A87E92C0023D05B /* Extensions.swift in Sources */,
			);
			runOnlyForDeploymentPostprocessing = 0;
		};
		1214AF651A4B346100F31ED8 /* Sources */ = {
			isa = PBXSourcesBuildPhase;
			buildActionMask = 2147483647;
			files = (
				1214AF701A4B346100F31ED8 /* LazyCocoa_MacAppTests.swift in Sources */,
			);
			runOnlyForDeploymentPostprocessing = 0;
		};
/* End PBXSourcesBuildPhase section */

/* Begin PBXTargetDependency section */
		1214AF6B1A4B346100F31ED8 /* PBXTargetDependency */ = {
			isa = PBXTargetDependency;
			target = 1214AF541A4B346100F31ED8 /* LazyCocoa-MacApp */;
			targetProxy = 1214AF6A1A4B346100F31ED8 /* PBXContainerItemProxy */;
		};
/* End PBXTargetDependency section */

/* Begin PBXVariantGroup section */
		1214AF621A4B346100F31ED8 /* Main.storyboard */ = {
			isa = PBXVariantGroup;
			children = (
				1214AF631A4B346100F31ED8 /* Base */,
			);
			name = Main.storyboard;
			sourceTree = "<group>";
		};
/* End PBXVariantGroup section */

/* Begin XCBuildConfiguration section */
		1214AF711A4B346100F31ED8 /* Debug */ = {
			isa = XCBuildConfiguration;
			buildSettings = {
				ALWAYS_SEARCH_USER_PATHS = NO;
				CLANG_CXX_LANGUAGE_STANDARD = "gnu++0x";
				CLANG_CXX_LIBRARY = "libc++";
				CLANG_ENABLE_MODULES = YES;
				CLANG_ENABLE_OBJC_ARC = YES;
				CLANG_WARN_BOOL_CONVERSION = YES;
				CLANG_WARN_CONSTANT_CONVERSION = YES;
				CLANG_WARN_DIRECT_OBJC_ISA_USAGE = YES_ERROR;
				CLANG_WARN_EMPTY_BODY = YES;
				CLANG_WARN_ENUM_CONVERSION = YES;
				CLANG_WARN_INT_CONVERSION = YES;
				CLANG_WARN_OBJC_ROOT_CLASS = YES_ERROR;
				CLANG_WARN_UNREACHABLE_CODE = YES;
				CLANG_WARN__DUPLICATE_METHOD_MATCH = YES;
				CODE_SIGN_IDENTITY = "";
				COPY_PHASE_STRIP = NO;
				ENABLE_STRICT_OBJC_MSGSEND = YES;
				GCC_C_LANGUAGE_STANDARD = gnu99;
				GCC_DYNAMIC_NO_PIC = NO;
				GCC_OPTIMIZATION_LEVEL = 0;
				GCC_PREPROCESSOR_DEFINITIONS = (
					"DEBUG=1",
					"$(inherited)",
				);
				GCC_SYMBOLS_PRIVATE_EXTERN = NO;
				GCC_WARN_64_TO_32_BIT_CONVERSION = YES;
				GCC_WARN_ABOUT_RETURN_TYPE = YES_ERROR;
				GCC_WARN_UNDECLARED_SELECTOR = YES;
				GCC_WARN_UNINITIALIZED_AUTOS = YES_AGGRESSIVE;
				GCC_WARN_UNUSED_FUNCTION = YES;
				GCC_WARN_UNUSED_VARIABLE = YES;
				MACOSX_DEPLOYMENT_TARGET = 10.10;
				MTL_ENABLE_DEBUG_INFO = YES;
				ONLY_ACTIVE_ARCH = YES;
				SDKROOT = macosx;
				SWIFT_OPTIMIZATION_LEVEL = "-Onone";
			};
			name = Debug;
		};
		1214AF721A4B346100F31ED8 /* Release */ = {
			isa = XCBuildConfiguration;
			buildSettings = {
				ALWAYS_SEARCH_USER_PATHS = NO;
				CLANG_CXX_LANGUAGE_STANDARD = "gnu++0x";
				CLANG_CXX_LIBRARY = "libc++";
				CLANG_ENABLE_MODULES = YES;
				CLANG_ENABLE_OBJC_ARC = YES;
				CLANG_WARN_BOOL_CONVERSION = YES;
				CLANG_WARN_CONSTANT_CONVERSION = YES;
				CLANG_WARN_DIRECT_OBJC_ISA_USAGE = YES_ERROR;
				CLANG_WARN_EMPTY_BODY = YES;
				CLANG_WARN_ENUM_CONVERSION = YES;
				CLANG_WARN_INT_CONVERSION = YES;
				CLANG_WARN_OBJC_ROOT_CLASS = YES_ERROR;
				CLANG_WARN_UNREACHABLE_CODE = YES;
				CLANG_WARN__DUPLICATE_METHOD_MATCH = YES;
				CODE_SIGN_IDENTITY = "";
				COPY_PHASE_STRIP = YES;
				DEBUG_INFORMATION_FORMAT = "dwarf-with-dsym";
				ENABLE_NS_ASSERTIONS = NO;
				ENABLE_STRICT_OBJC_MSGSEND = YES;
				GCC_C_LANGUAGE_STANDARD = gnu99;
				GCC_WARN_64_TO_32_BIT_CONVERSION = YES;
				GCC_WARN_ABOUT_RETURN_TYPE = YES_ERROR;
				GCC_WARN_UNDECLARED_SELECTOR = YES;
				GCC_WARN_UNINITIALIZED_AUTOS = YES_AGGRESSIVE;
				GCC_WARN_UNUSED_FUNCTION = YES;
				GCC_WARN_UNUSED_VARIABLE = YES;
				MACOSX_DEPLOYMENT_TARGET = 10.10;
				MTL_ENABLE_DEBUG_INFO = NO;
				SDKROOT = macosx;
			};
			name = Release;
		};
		1214AF741A4B346100F31ED8 /* Debug */ = {
			isa = XCBuildConfiguration;
			buildSettings = {
				ASSETCATALOG_COMPILER_APPICON_NAME = AppIcon;
				CLANG_ENABLE_MODULES = YES;
				CODE_SIGN_IDENTITY = "";
				COMBINE_HIDPI_IMAGES = YES;
				INFOPLIST_FILE = "LazyCocoa-MacApp/Info.plist";
				LD_RUNPATH_SEARCH_PATHS = "$(inherited) @executable_path/../Frameworks";
				OTHER_SWIFT_FLAGS = "-D DEBUG";
				PRODUCT_NAME = "$(TARGET_NAME)";
				SWIFT_OBJC_BRIDGING_HEADER = "LazyCocoa-MacApp/Core/LazyCocoa-MacApp-Bridging-Header.h";
				SWIFT_OPTIMIZATION_LEVEL = "-Onone";
			};
			name = Debug;
		};
		1214AF751A4B346100F31ED8 /* Release */ = {
			isa = XCBuildConfiguration;
			buildSettings = {
				ASSETCATALOG_COMPILER_APPICON_NAME = AppIcon;
				CLANG_ENABLE_MODULES = YES;
				CODE_SIGN_IDENTITY = "";
				COMBINE_HIDPI_IMAGES = YES;
				INFOPLIST_FILE = "LazyCocoa-MacApp/Info.plist";
				LD_RUNPATH_SEARCH_PATHS = "$(inherited) @executable_path/../Frameworks";
				OTHER_SWIFT_FLAGS = "-D DEBUG";
				PRODUCT_NAME = "$(TARGET_NAME)";
				SWIFT_OBJC_BRIDGING_HEADER = "LazyCocoa-MacApp/Core/LazyCocoa-MacApp-Bridging-Header.h";
			};
			name = Release;
		};
		1214AF771A4B346100F31ED8 /* Debug */ = {
			isa = XCBuildConfiguration;
			buildSettings = {
				BUNDLE_LOADER = "$(TEST_HOST)";
				COMBINE_HIDPI_IMAGES = YES;
				FRAMEWORK_SEARCH_PATHS = (
					"$(DEVELOPER_FRAMEWORKS_DIR)",
					"$(inherited)",
				);
				GCC_PREPROCESSOR_DEFINITIONS = (
					"DEBUG=1",
					"$(inherited)",
				);
				INFOPLIST_FILE = "LazyCocoa-MacAppTests/Info.plist";
				LD_RUNPATH_SEARCH_PATHS = "$(inherited) @executable_path/../Frameworks @loader_path/../Frameworks";
				PRODUCT_NAME = "$(TARGET_NAME)";
				TEST_HOST = "$(BUILT_PRODUCTS_DIR)/LazyCocoa-MacApp.app/Contents/MacOS/LazyCocoa-MacApp";
			};
			name = Debug;
		};
		1214AF781A4B346100F31ED8 /* Release */ = {
			isa = XCBuildConfiguration;
			buildSettings = {
				BUNDLE_LOADER = "$(TEST_HOST)";
				COMBINE_HIDPI_IMAGES = YES;
				FRAMEWORK_SEARCH_PATHS = (
					"$(DEVELOPER_FRAMEWORKS_DIR)",
					"$(inherited)",
				);
				INFOPLIST_FILE = "LazyCocoa-MacAppTests/Info.plist";
				LD_RUNPATH_SEARCH_PATHS = "$(inherited) @executable_path/../Frameworks @loader_path/../Frameworks";
				PRODUCT_NAME = "$(TARGET_NAME)";
				TEST_HOST = "$(BUILT_PRODUCTS_DIR)/LazyCocoa-MacApp.app/Contents/MacOS/LazyCocoa-MacApp";
			};
			name = Release;
		};
/* End XCBuildConfiguration section */

/* Begin XCConfigurationList section */
		1214AF501A4B346100F31ED8 /* Build configuration list for PBXProject "LazyCocoa-MacApp" */ = {
			isa = XCConfigurationList;
			buildConfigurations = (
				1214AF711A4B346100F31ED8 /* Debug */,
				1214AF721A4B346100F31ED8 /* Release */,
			);
			defaultConfigurationIsVisible = 0;
			defaultConfigurationName = Release;
		};
		1214AF731A4B346100F31ED8 /* Build configuration list for PBXNativeTarget "LazyCocoa-MacApp" */ = {
			isa = XCConfigurationList;
			buildConfigurations = (
				1214AF741A4B346100F31ED8 /* Debug */,
				1214AF751A4B346100F31ED8 /* Release */,
			);
			defaultConfigurationIsVisible = 0;
			defaultConfigurationName = Release;
		};
		1214AF761A4B346100F31ED8 /* Build configuration list for PBXNativeTarget "LazyCocoa-MacAppTests" */ = {
			isa = XCConfigurationList;
			buildConfigurations = (
				1214AF771A4B346100F31ED8 /* Debug */,
				1214AF781A4B346100F31ED8 /* Release */,
			);
			defaultConfigurationIsVisible = 0;
			defaultConfigurationName = Release;
		};
/* End XCConfigurationList section */
	};
	rootObject = 1214AF4D1A4B346100F31ED8 /* Project object */;
}
