// !$*UTF8*$!
{
	archiveVersion = 1;
	classes = {
	};
	objectVersion = 46;
	objects = {

/* Begin PBXBuildFile section */
		12753FB41A39C50A003DA37F /* AppDelegate.swift in Sources */ = {isa = PBXBuildFile; fileRef = 12753FB31A39C50A003DA37F /* AppDelegate.swift */; };
		12753FB61A39C50A003DA37F /* ViewController.swift in Sources */ = {isa = PBXBuildFile; fileRef = 12753FB51A39C50A003DA37F /* ViewController.swift */; };
		12753FB81A39C50A003DA37F /* Images.xcassets in Resources */ = {isa = PBXBuildFile; fileRef = 12753FB71A39C50A003DA37F /* Images.xcassets */; };
		12753FBB1A39C50A003DA37F /* Main.storyboard in Resources */ = {isa = PBXBuildFile; fileRef = 12753FB91A39C50A003DA37F /* Main.storyboard */; };
		12753FC71A39C50A003DA37F /* GenColorTests.swift in Sources */ = {isa = PBXBuildFile; fileRef = 12753FC61A39C50A003DA37F /* GenColorTests.swift */; };
/* End PBXBuildFile section */

/* Begin PBXContainerItemProxy section */
		12753FC11A39C50A003DA37F /* PBXContainerItemProxy */ = {
			isa = PBXContainerItemProxy;
			containerPortal = 12753FA61A39C509003DA37F /* Project object */;
			proxyType = 1;
			remoteGlobalIDString = 12753FAD1A39C50A003DA37F;
			remoteInfo = GenColor;
		};
/* End PBXContainerItemProxy section */

/* Begin PBXFileReference section */
		12753FAE1A39C50A003DA37F /* GenColor.app */ = {isa = PBXFileReference; explicitFileType = wrapper.application; includeInIndex = 0; path = GenColor.app; sourceTree = BUILT_PRODUCTS_DIR; };
		12753FB21A39C50A003DA37F /* Info.plist */ = {isa = PBXFileReference; lastKnownFileType = text.plist.xml; path = Info.plist; sourceTree = "<group>"; };
		12753FB31A39C50A003DA37F /* AppDelegate.swift */ = {isa = PBXFileReference; lastKnownFileType = sourcecode.swift; path = AppDelegate.swift; sourceTree = "<group>"; };
		12753FB51A39C50A003DA37F /* ViewController.swift */ = {isa = PBXFileReference; lastKnownFileType = sourcecode.swift; path = ViewController.swift; sourceTree = "<group>"; };
		12753FB71A39C50A003DA37F /* Images.xcassets */ = {isa = PBXFileReference; lastKnownFileType = folder.assetcatalog; path = Images.xcassets; sourceTree = "<group>"; };
		12753FBA1A39C50A003DA37F /* Base */ = {isa = PBXFileReference; lastKnownFileType = file.storyboard; name = Base; path = Base.lproj/Main.storyboard; sourceTree = "<group>"; };
		12753FC01A39C50A003DA37F /* GenColorTests.xctest */ = {isa = PBXFileReference; explicitFileType = wrapper.cfbundle; includeInIndex = 0; path = GenColorTests.xctest; sourceTree = BUILT_PRODUCTS_DIR; };
		12753FC51A39C50A003DA37F /* Info.plist */ = {isa = PBXFileReference; lastKnownFileType = text.plist.xml; path = Info.plist; sourceTree = "<group>"; };
		12753FC61A39C50A003DA37F /* GenColorTests.swift */ = {isa = PBXFileReference; lastKnownFileType = sourcecode.swift; path = GenColorTests.swift; sourceTree = "<group>"; };
/* End PBXFileReference section */

/* Begin PBXFrameworksBuildPhase section */
		12753FAB1A39C50A003DA37F /* Frameworks */ = {
			isa = PBXFrameworksBuildPhase;
			buildActionMask = 2147483647;
			files = (
			);
			runOnlyForDeploymentPostprocessing = 0;
		};
		12753FBD1A39C50A003DA37F /* Frameworks */ = {
			isa = PBXFrameworksBuildPhase;
			buildActionMask = 2147483647;
			files = (
			);
			runOnlyForDeploymentPostprocessing = 0;
		};
/* End PBXFrameworksBuildPhase section */

/* Begin PBXGroup section */
		12753FA51A39C509003DA37F = {
			isa = PBXGroup;
			children = (
				12753FB01A39C50A003DA37F /* GenColor */,
				12753FC31A39C50A003DA37F /* GenColorTests */,
				12753FAF1A39C50A003DA37F /* Products */,
			);
			sourceTree = "<group>";
		};
		12753FAF1A39C50A003DA37F /* Products */ = {
			isa = PBXGroup;
			children = (
				12753FAE1A39C50A003DA37F /* GenColor.app */,
				12753FC01A39C50A003DA37F /* GenColorTests.xctest */,
			);
			name = Products;
			sourceTree = "<group>";
		};
		12753FB01A39C50A003DA37F /* GenColor */ = {
			isa = PBXGroup;
			children = (
				12753FB31A39C50A003DA37F /* AppDelegate.swift */,
				12753FB51A39C50A003DA37F /* ViewController.swift */,
				12753FB71A39C50A003DA37F /* Images.xcassets */,
				12753FB91A39C50A003DA37F /* Main.storyboard */,
				12753FB11A39C50A003DA37F /* Supporting Files */,
			);
			path = GenColor;
			sourceTree = "<group>";
		};
		12753FB11A39C50A003DA37F /* Supporting Files */ = {
			isa = PBXGroup;
			children = (
				12753FB21A39C50A003DA37F /* Info.plist */,
			);
			name = "Supporting Files";
			sourceTree = "<group>";
		};
		12753FC31A39C50A003DA37F /* GenColorTests */ = {
			isa = PBXGroup;
			children = (
				12753FC61A39C50A003DA37F /* GenColorTests.swift */,
				12753FC41A39C50A003DA37F /* Supporting Files */,
			);
			path = GenColorTests;
			sourceTree = "<group>";
		};
		12753FC41A39C50A003DA37F /* Supporting Files */ = {
			isa = PBXGroup;
			children = (
				12753FC51A39C50A003DA37F /* Info.plist */,
			);
			name = "Supporting Files";
			sourceTree = "<group>";
		};
/* End PBXGroup section */

/* Begin PBXNativeTarget section */
		12753FAD1A39C50A003DA37F /* GenColor */ = {
			isa = PBXNativeTarget;
			buildConfigurationList = 12753FCA1A39C50A003DA37F /* Build configuration list for PBXNativeTarget "GenColor" */;
			buildPhases = (
				12753FAA1A39C50A003DA37F /* Sources */,
				12753FAB1A39C50A003DA37F /* Frameworks */,
				12753FAC1A39C50A003DA37F /* Resources */,
			);
			buildRules = (
			);
			dependencies = (
			);
			name = GenColor;
			productName = GenColor;
			productReference = 12753FAE1A39C50A003DA37F /* GenColor.app */;
			productType = "com.apple.product-type.application";
		};
		12753FBF1A39C50A003DA37F /* GenColorTests */ = {
			isa = PBXNativeTarget;
			buildConfigurationList = 12753FCD1A39C50A003DA37F /* Build configuration list for PBXNativeTarget "GenColorTests" */;
			buildPhases = (
				12753FBC1A39C50A003DA37F /* Sources */,
				12753FBD1A39C50A003DA37F /* Frameworks */,
				12753FBE1A39C50A003DA37F /* Resources */,
			);
			buildRules = (
			);
			dependencies = (
				12753FC21A39C50A003DA37F /* PBXTargetDependency */,
			);
			name = GenColorTests;
			productName = GenColorTests;
			productReference = 12753FC01A39C50A003DA37F /* GenColorTests.xctest */;
			productType = "com.apple.product-type.bundle.unit-test";
		};
/* End PBXNativeTarget section */

/* Begin PBXProject section */
		12753FA61A39C509003DA37F /* Project object */ = {
			isa = PBXProject;
			attributes = {
				LastUpgradeCheck = 0610;
				ORGANIZATIONNAME = "Yichi Zhang";
				TargetAttributes = {
					12753FAD1A39C50A003DA37F = {
						CreatedOnToolsVersion = 6.1.1;
					};
					12753FBF1A39C50A003DA37F = {
						CreatedOnToolsVersion = 6.1.1;
						TestTargetID = 12753FAD1A39C50A003DA37F;
					};
				};
			};
			buildConfigurationList = 12753FA91A39C509003DA37F /* Build configuration list for PBXProject "GenColor" */;
			compatibilityVersion = "Xcode 3.2";
			developmentRegion = English;
			hasScannedForEncodings = 0;
			knownRegions = (
				en,
				Base,
			);
			mainGroup = 12753FA51A39C509003DA37F;
			productRefGroup = 12753FAF1A39C50A003DA37F /* Products */;
			projectDirPath = "";
			projectRoot = "";
			targets = (
				12753FAD1A39C50A003DA37F /* GenColor */,
				12753FBF1A39C50A003DA37F /* GenColorTests */,
			);
		};
/* End PBXProject section */

/* Begin PBXResourcesBuildPhase section */
		12753FAC1A39C50A003DA37F /* Resources */ = {
			isa = PBXResourcesBuildPhase;
			buildActionMask = 2147483647;
			files = (
				12753FB81A39C50A003DA37F /* Images.xcassets in Resources */,
				12753FBB1A39C50A003DA37F /* Main.storyboard in Resources */,
			);
			runOnlyForDeploymentPostprocessing = 0;
		};
		12753FBE1A39C50A003DA37F /* Resources */ = {
			isa = PBXResourcesBuildPhase;
			buildActionMask = 2147483647;
			files = (
			);
			runOnlyForDeploymentPostprocessing = 0;
		};
/* End PBXResourcesBuildPhase section */

/* Begin PBXSourcesBuildPhase section */
		12753FAA1A39C50A003DA37F /* Sources */ = {
			isa = PBXSourcesBuildPhase;
			buildActionMask = 2147483647;
			files = (
				12753FB61A39C50A003DA37F /* ViewController.swift in Sources */,
				12753FB41A39C50A003DA37F /* AppDelegate.swift in Sources */,
			);
			runOnlyForDeploymentPostprocessing = 0;
		};
		12753FBC1A39C50A003DA37F /* Sources */ = {
			isa = PBXSourcesBuildPhase;
			buildActionMask = 2147483647;
			files = (
				12753FC71A39C50A003DA37F /* GenColorTests.swift in Sources */,
			);
			runOnlyForDeploymentPostprocessing = 0;
		};
/* End PBXSourcesBuildPhase section */

/* Begin PBXTargetDependency section */
		12753FC21A39C50A003DA37F /* PBXTargetDependency */ = {
			isa = PBXTargetDependency;
			target = 12753FAD1A39C50A003DA37F /* GenColor */;
			targetProxy = 12753FC11A39C50A003DA37F /* PBXContainerItemProxy */;
		};
/* End PBXTargetDependency section */

/* Begin PBXVariantGroup section */
		12753FB91A39C50A003DA37F /* Main.storyboard */ = {
			isa = PBXVariantGroup;
			children = (
				12753FBA1A39C50A003DA37F /* Base */,
			);
			name = Main.storyboard;
			sourceTree = "<group>";
		};
/* End PBXVariantGroup section */

/* Begin XCBuildConfiguration section */
		12753FC81A39C50A003DA37F /* Debug */ = {
			isa = XCBuildConfiguration;
			buildSettings = {
				ALWAYS_SEARCH_USER_PATHS = NO;
				CLANG_CXX_LANGUAGE_STANDARD = "gnu++0x";
				CLANG_CXX_LIBRARY = "libc++";
				CLANG_ENABLE_MODULES = YES;
				CLANG_ENABLE_OBJC_ARC = YES;
				CLANG_WARN_BOOL_CONVERSION = YES;
				CLANG_WARN_CONSTANT_CONVERSION = YES;
				CLANG_WARN_DIRECT_OBJC_ISA_USAGE = YES_ERROR;
				CLANG_WARN_EMPTY_BODY = YES;
				CLANG_WARN_ENUM_CONVERSION = YES;
				CLANG_WARN_INT_CONVERSION = YES;
				CLANG_WARN_OBJC_ROOT_CLASS = YES_ERROR;
				CLANG_WARN_UNREACHABLE_CODE = YES;
				CLANG_WARN__DUPLICATE_METHOD_MATCH = YES;
				CODE_SIGN_IDENTITY = "-";
				COPY_PHASE_STRIP = NO;
				ENABLE_STRICT_OBJC_MSGSEND = YES;
				GCC_C_LANGUAGE_STANDARD = gnu99;
				GCC_DYNAMIC_NO_PIC = NO;
				GCC_OPTIMIZATION_LEVEL = 0;
				GCC_PREPROCESSOR_DEFINITIONS = (
					"DEBUG=1",
					"$(inherited)",
				);
				GCC_SYMBOLS_PRIVATE_EXTERN = NO;
				GCC_WARN_64_TO_32_BIT_CONVERSION = YES;
				GCC_WARN_ABOUT_RETURN_TYPE = YES_ERROR;
				GCC_WARN_UNDECLARED_SELECTOR = YES;
				GCC_WARN_UNINITIALIZED_AUTOS = YES_AGGRESSIVE;
				GCC_WARN_UNUSED_FUNCTION = YES;
				GCC_WARN_UNUSED_VARIABLE = YES;
				MACOSX_DEPLOYMENT_TARGET = 10.10;
				MTL_ENABLE_DEBUG_INFO = YES;
				ONLY_ACTIVE_ARCH = YES;
				SDKROOT = macosx;
				SWIFT_OPTIMIZATION_LEVEL = "-Onone";
			};
			name = Debug;
		};
		12753FC91A39C50A003DA37F /* Release */ = {
			isa = XCBuildConfiguration;
			buildSettings = {
				ALWAYS_SEARCH_USER_PATHS = NO;
				CLANG_CXX_LANGUAGE_STANDARD = "gnu++0x";
				CLANG_CXX_LIBRARY = "libc++";
				CLANG_ENABLE_MODULES = YES;
				CLANG_ENABLE_OBJC_ARC = YES;
				CLANG_WARN_BOOL_CONVERSION = YES;
				CLANG_WARN_CONSTANT_CONVERSION = YES;
				CLANG_WARN_DIRECT_OBJC_ISA_USAGE = YES_ERROR;
				CLANG_WARN_EMPTY_BODY = YES;
				CLANG_WARN_ENUM_CONVERSION = YES;
				CLANG_WARN_INT_CONVERSION = YES;
				CLANG_WARN_OBJC_ROOT_CLASS = YES_ERROR;
				CLANG_WARN_UNREACHABLE_CODE = YES;
				CLANG_WARN__DUPLICATE_METHOD_MATCH = YES;
				CODE_SIGN_IDENTITY = "-";
				COPY_PHASE_STRIP = YES;
				DEBUG_INFORMATION_FORMAT = "dwarf-with-dsym";
				ENABLE_NS_ASSERTIONS = NO;
				ENABLE_STRICT_OBJC_MSGSEND = YES;
				GCC_C_LANGUAGE_STANDARD = gnu99;
				GCC_WARN_64_TO_32_BIT_CONVERSION = YES;
				GCC_WARN_ABOUT_RETURN_TYPE = YES_ERROR;
				GCC_WARN_UNDECLARED_SELECTOR = YES;
				GCC_WARN_UNINITIALIZED_AUTOS = YES_AGGRESSIVE;
				GCC_WARN_UNUSED_FUNCTION = YES;
				GCC_WARN_UNUSED_VARIABLE = YES;
				MACOSX_DEPLOYMENT_TARGET = 10.10;
				MTL_ENABLE_DEBUG_INFO = NO;
				SDKROOT = macosx;
			};
			name = Release;
		};
		12753FCB1A39C50A003DA37F /* Debug */ = {
			isa = XCBuildConfiguration;
			buildSettings = {
				ASSETCATALOG_COMPILER_APPICON_NAME = AppIcon;
				COMBINE_HIDPI_IMAGES = YES;
				INFOPLIST_FILE = GenColor/Info.plist;
				LD_RUNPATH_SEARCH_PATHS = "$(inherited) @executable_path/../Frameworks";
				PRODUCT_NAME = "$(TARGET_NAME)";
			};
			name = Debug;
		};
		12753FCC1A39C50A003DA37F /* Release */ = {
			isa = XCBuildConfiguration;
			buildSettings = {
				ASSETCATALOG_COMPILER_APPICON_NAME = AppIcon;
				COMBINE_HIDPI_IMAGES = YES;
				INFOPLIST_FILE = GenColor/Info.plist;
				LD_RUNPATH_SEARCH_PATHS = "$(inherited) @executable_path/../Frameworks";
				PRODUCT_NAME = "$(TARGET_NAME)";
			};
			name = Release;
		};
		12753FCE1A39C50A003DA37F /* Debug */ = {
			isa = XCBuildConfiguration;
			buildSettings = {
				BUNDLE_LOADER = "$(TEST_HOST)";
				COMBINE_HIDPI_IMAGES = YES;
				FRAMEWORK_SEARCH_PATHS = (
					"$(DEVELOPER_FRAMEWORKS_DIR)",
					"$(inherited)",
				);
				GCC_PREPROCESSOR_DEFINITIONS = (
					"DEBUG=1",
					"$(inherited)",
				);
				INFOPLIST_FILE = GenColorTests/Info.plist;
				LD_RUNPATH_SEARCH_PATHS = "$(inherited) @executable_path/../Frameworks @loader_path/../Frameworks";
				PRODUCT_NAME = "$(TARGET_NAME)";
				TEST_HOST = "$(BUILT_PRODUCTS_DIR)/GenColor.app/Contents/MacOS/GenColor";
			};
			name = Debug;
		};
		12753FCF1A39C50A003DA37F /* Release */ = {
			isa = XCBuildConfiguration;
			buildSettings = {
				BUNDLE_LOADER = "$(TEST_HOST)";
				COMBINE_HIDPI_IMAGES = YES;
				FRAMEWORK_SEARCH_PATHS = (
					"$(DEVELOPER_FRAMEWORKS_DIR)",
					"$(inherited)",
				);
				INFOPLIST_FILE = GenColorTests/Info.plist;
				LD_RUNPATH_SEARCH_PATHS = "$(inherited) @executable_path/../Frameworks @loader_path/../Frameworks";
				PRODUCT_NAME = "$(TARGET_NAME)";
				TEST_HOST = "$(BUILT_PRODUCTS_DIR)/GenColor.app/Contents/MacOS/GenColor";
			};
			name = Release;
		};
/* End XCBuildConfiguration section */

/* Begin XCConfigurationList section */
		12753FA91A39C509003DA37F /* Build configuration list for PBXProject "GenColor" */ = {
			isa = XCConfigurationList;
			buildConfigurations = (
				12753FC81A39C50A003DA37F /* Debug */,
				12753FC91A39C50A003DA37F /* Release */,
			);
			defaultConfigurationIsVisible = 0;
			defaultConfigurationName = Release;
		};
		12753FCA1A39C50A003DA37F /* Build configuration list for PBXNativeTarget "GenColor" */ = {
			isa = XCConfigurationList;
			buildConfigurations = (
				12753FCB1A39C50A003DA37F /* Debug */,
				12753FCC1A39C50A003DA37F /* Release */,
			);
			defaultConfigurationIsVisible = 0;
		};
		12753FCD1A39C50A003DA37F /* Build configuration list for PBXNativeTarget "GenColorTests" */ = {
			isa = XCConfigurationList;
			buildConfigurations = (
				12753FCE1A39C50A003DA37F /* Debug */,
				12753FCF1A39C50A003DA37F /* Release */,
			);
			defaultConfigurationIsVisible = 0;
		};
/* End XCConfigurationList section */
	};
	rootObject = 12753FA61A39C509003DA37F /* Project object */;
}
