// !$*UTF8*$!
{
	archiveVersion = 1;
	classes = {
	};
	objectVersion = 46;
	objects = {

/* Begin PBXBuildFile section */
		120927E21A87E37F0023D05B /* ConversionViewController.swift in Sources */ = {isa = PBXBuildFile; fileRef = 120927E11A87E37F0023D05B /* ConversionViewController.swift */; };
		120D1CBC1AD6C3ED0062B26E /* SourceDemo.txt in Resources */ = {isa = PBXBuildFile; fileRef = 120D1CBB1AD6C3ED0062B26E /* SourceDemo.txt */; };
		1214AF5B1A4B346100F31ED8 /* AppDelegate.swift in Sources */ = {isa = PBXBuildFile; fileRef = 1214AF5A1A4B346100F31ED8 /* AppDelegate.swift */; };
		1214AF5D1A4B346100F31ED8 /* SourceEditViewController.swift in Sources */ = {isa = PBXBuildFile; fileRef = 1214AF5C1A4B346100F31ED8 /* SourceEditViewController.swift */; };
		1214AF611A4B346100F31ED8 /* Images.xcassets in Resources */ = {isa = PBXBuildFile; fileRef = 1214AF601A4B346100F31ED8 /* Images.xcassets */; };
		1214AF641A4B346100F31ED8 /* Main.storyboard in Resources */ = {isa = PBXBuildFile; fileRef = 1214AF621A4B346100F31ED8 /* Main.storyboard */; };
		1214AF701A4B346100F31ED8 /* LazyCocoa_MacAppTests.swift in Sources */ = {isa = PBXBuildFile; fileRef = 1214AF6F1A4B346100F31ED8 /* LazyCocoa_MacAppTests.swift */; };
		12153D101AE1413E002B34D0 /* ChangeHeader.swift in Sources */ = {isa = PBXBuildFile; fileRef = 12153D0D1AE1413E002B34D0 /* ChangeHeader.swift */; };
		12153D121AE1413E002B34D0 /* Extensions.swift in Sources */ = {isa = PBXBuildFile; fileRef = 12153D0F1AE1413E002B34D0 /* Extensions.swift */; };
		12153D131AE1414F002B34D0 /* ChangeHeader.swift in Sources */ = {isa = PBXBuildFile; fileRef = 12153D0D1AE1413E002B34D0 /* ChangeHeader.swift */; };
		12153D151AE14156002B34D0 /* Extensions.swift in Sources */ = {isa = PBXBuildFile; fileRef = 12153D0F1AE1413E002B34D0 /* Extensions.swift */; };
		121DAFA01B155875000A48A4 /* MainViewController.swift in Sources */ = {isa = PBXBuildFile; fileRef = 121DAF9F1B155875000A48A4 /* MainViewController.swift */; };
		1221E31C1B3D2A0300707430 /* LoadingView.xib in Resources */ = {isa = PBXBuildFile; fileRef = 1221E31B1B3D2A0300707430 /* LoadingView.xib */; };
		1221E31D1B3D2A1200707430 /* LoadingView.xib in Resources */ = {isa = PBXBuildFile; fileRef = 1221E31B1B3D2A0300707430 /* LoadingView.xib */; };
		1221E31F1B3D33E700707430 /* OptionsView.xib in Resources */ = {isa = PBXBuildFile; fileRef = 1221E31E1B3D33E700707430 /* OptionsView.xib */; };
		1221E3211B3D340300707430 /* OptionsView.swift in Sources */ = {isa = PBXBuildFile; fileRef = 1221E3201B3D340200707430 /* OptionsView.swift */; };
		1221E3221B3D34C000707430 /* OptionsView.swift in Sources */ = {isa = PBXBuildFile; fileRef = 1221E3201B3D340200707430 /* OptionsView.swift */; };
		122941EA1AAB77B700782A2C /* UserDefaults.swift in Sources */ = {isa = PBXBuildFile; fileRef = 122941E91AAB77B700782A2C /* UserDefaults.swift */; };
		124667D21B3AE0E100D80FDB /* BaseViewController.swift in Sources */ = {isa = PBXBuildFile; fileRef = 124667D11B3AE0E100D80FDB /* BaseViewController.swift */; };
		124667D41B3AE18800D80FDB /* BaseViewController.swift in Sources */ = {isa = PBXBuildFile; fileRef = 124667D11B3AE0E100D80FDB /* BaseViewController.swift */; };
		12475E101B18510900102982 /* MainProgram.swift in Sources */ = {isa = PBXBuildFile; fileRef = 12475E0F1B18510900102982 /* MainProgram.swift */; };
		12475E111B18512200102982 /* MainProgram.swift in Sources */ = {isa = PBXBuildFile; fileRef = 12475E0F1B18510900102982 /* MainProgram.swift */; };
		12475E121B18512300102982 /* MainProgram.swift in Sources */ = {isa = PBXBuildFile; fileRef = 12475E0F1B18510900102982 /* MainProgram.swift */; };
		1248E9461B1F15B1001E2B00 /* LoadingView.swift in Sources */ = {isa = PBXBuildFile; fileRef = 1248E9451B1F15B1001E2B00 /* LoadingView.swift */; };
		1248E9471B1F31B2001E2B00 /* LoadingView.swift in Sources */ = {isa = PBXBuildFile; fileRef = 1248E9451B1F15B1001E2B00 /* LoadingView.swift */; };
		124E2A961AD55F5E00174583 /* ColorFormatter.swift in Sources */ = {isa = PBXBuildFile; fileRef = 124E2A951AD55F5E00174583 /* ColorFormatter.swift */; };
		124E2A971AD565A500174583 /* ColorFormatter.swift in Sources */ = {isa = PBXBuildFile; fileRef = 124E2A951AD55F5E00174583 /* ColorFormatter.swift */; };
		124E2A991AD590E800174583 /* ColorScannerDemo.txt in Sources */ = {isa = PBXBuildFile; fileRef = 124E2A981AD590E800174583 /* ColorScannerDemo.txt */; };
		1251B5BA1B11D37900F4A051 /* LZYDataManager.m in Sources */ = {isa = PBXBuildFile; fileRef = 1251B5B91B11D37900F4A051 /* LZYDataManager.m */; };
		1251B5BC1B11D44C00F4A051 /* StringExtensions.swift in Sources */ = {isa = PBXBuildFile; fileRef = 1251B5BB1B11D44C00F4A051 /* StringExtensions.swift */; };
		1251B5BE1B11D4BF00F4A051 /* StringExtensions.swift in Sources */ = {isa = PBXBuildFile; fileRef = 1251B5BB1B11D44C00F4A051 /* StringExtensions.swift */; };
		126A85EE1B101F3900E6C3C1 /* main.swift in Sources */ = {isa = PBXBuildFile; fileRef = 126A85ED1B101F3900E6C3C1 /* main.swift */; };
		12767EEA1A503E0E00BCFED3 /* DocumentComponents.swift in Sources */ = {isa = PBXBuildFile; fileRef = 12767EE91A503E0E00BCFED3 /* DocumentComponents.swift */; };
		1288C4771AFB983E0067EB60 /* CodeGeneration.swift in Sources */ = {isa = PBXBuildFile; fileRef = 1288C4761AFB983E0067EB60 /* CodeGeneration.swift */; };
		1288C4781AFB99180067EB60 /* CodeGeneration.swift in Sources */ = {isa = PBXBuildFile; fileRef = 1288C4761AFB983E0067EB60 /* CodeGeneration.swift */; };
		1298A5A41B2703B6007C97B9 /* LZYDataManager.m in Sources */ = {isa = PBXBuildFile; fileRef = 1251B5B91B11D37900F4A051 /* LZYDataManager.m */; };
		1298A5A51B2703B6007C97B9 /* LZYDataManager.m in Sources */ = {isa = PBXBuildFile; fileRef = 1251B5B91B11D37900F4A051 /* LZYDataManager.m */; };
		12A5AD031B120D3C004BA2E9 /* DocumentAnalyzer.swift in Sources */ = {isa = PBXBuildFile; fileRef = 12F9837E1A4D8BC30041FE43 /* DocumentAnalyzer.swift */; };
		12A5AD041B120D57004BA2E9 /* Base.swift in Sources */ = {isa = PBXBuildFile; fileRef = 12F983831A4D92380041FE43 /* Base.swift */; };
		12A5AD051B120D5E004BA2E9 /* CodeGeneration.swift in Sources */ = {isa = PBXBuildFile; fileRef = 1288C4761AFB983E0067EB60 /* CodeGeneration.swift */; };
		12A5AD061B120D62004BA2E9 /* ColorFormatter.swift in Sources */ = {isa = PBXBuildFile; fileRef = 124E2A951AD55F5E00174583 /* ColorFormatter.swift */; };
		12A5AD081B120D8A004BA2E9 /* DocumentComponents.swift in Sources */ = {isa = PBXBuildFile; fileRef = 12767EE91A503E0E00BCFED3 /* DocumentComponents.swift */; };
		12A5AD091B120D90004BA2E9 /* Extensions.swift in Sources */ = {isa = PBXBuildFile; fileRef = 12153D0F1AE1413E002B34D0 /* Extensions.swift */; };
		12A5AD0A1B120D98004BA2E9 /* NewScanningMechanism.swift in Sources */ = {isa = PBXBuildFile; fileRef = 12C5359C1A8C216900B1B287 /* NewScanningMechanism.swift */; };
		12A5AD0B1B120D9C004BA2E9 /* StringExtensions.swift in Sources */ = {isa = PBXBuildFile; fileRef = 1251B5BB1B11D44C00F4A051 /* StringExtensions.swift */; };
		12A5AD0C1B120D9F004BA2E9 /* UserDefaults.swift in Sources */ = {isa = PBXBuildFile; fileRef = 122941E91AAB77B700782A2C /* UserDefaults.swift */; };
		12C5359D1A8C216900B1B287 /* NewScanningMechanism.swift in Sources */ = {isa = PBXBuildFile; fileRef = 12C5359C1A8C216900B1B287 /* NewScanningMechanism.swift */; };
		12CA44F71B2EEBD300286A0E /* NSViewExtensions.m in Sources */ = {isa = PBXBuildFile; fileRef = 12CA44F61B2EEBD300286A0E /* NSViewExtensions.m */; };
		12DC16161B0B636700BDB5C5 /* LineNumberRulerView.swift in Sources */ = {isa = PBXBuildFile; fileRef = 12DC16151B0B636700BDB5C5 /* LineNumberRulerView.swift */; };
		12DC16171B0B645A00BDB5C5 /* LineNumberRulerView.swift in Sources */ = {isa = PBXBuildFile; fileRef = 12DC16151B0B636700BDB5C5 /* LineNumberRulerView.swift */; };
		12E12DD11A89181D001E96E0 /* ColorScanner.swift in Sources */ = {isa = PBXBuildFile; fileRef = 12E12DD01A89181D001E96E0 /* ColorScanner.swift */; };
		12EFA3F11ADFA3B100B9884C /* ColorScannerDemo.txt in Resources */ = {isa = PBXBuildFile; fileRef = 124E2A981AD590E800174583 /* ColorScannerDemo.txt */; };
		12EFA3F41ADFA5FC00B9884C /* ColorScanner.swift in Sources */ = {isa = PBXBuildFile; fileRef = 12E12DD01A89181D001E96E0 /* ColorScanner.swift */; };
		12EFA3F61ADFA60200B9884C /* Base.swift in Sources */ = {isa = PBXBuildFile; fileRef = 12F983831A4D92380041FE43 /* Base.swift */; };
		12EFA3F81ADFA60D00B9884C /* DocumentAnalyzer.swift in Sources */ = {isa = PBXBuildFile; fileRef = 12F9837E1A4D8BC30041FE43 /* DocumentAnalyzer.swift */; };
		12EFA3FA1ADFA61300B9884C /* DocumentComponents.swift in Sources */ = {isa = PBXBuildFile; fileRef = 12767EE91A503E0E00BCFED3 /* DocumentComponents.swift */; };
		12EFA3FB1ADFA61500B9884C /* NewScanningMechanism.swift in Sources */ = {isa = PBXBuildFile; fileRef = 12C5359C1A8C216900B1B287 /* NewScanningMechanism.swift */; };
		12EFA3FC1ADFA61900B9884C /* UserDefaults.swift in Sources */ = {isa = PBXBuildFile; fileRef = 122941E91AAB77B700782A2C /* UserDefaults.swift */; };
		12EFA3FD1ADFA61D00B9884C /* AppDelegate.swift in Sources */ = {isa = PBXBuildFile; fileRef = 1214AF5A1A4B346100F31ED8 /* AppDelegate.swift */; };
		12EFA3FE1ADFA62100B9884C /* SourceEditViewController.swift in Sources */ = {isa = PBXBuildFile; fileRef = 1214AF5C1A4B346100F31ED8 /* SourceEditViewController.swift */; };
		12EFA4011ADFA62D00B9884C /* ChangeHeaderViewController.swift in Sources */ = {isa = PBXBuildFile; fileRef = 12F20B1B1ABED56700B5611A /* ChangeHeaderViewController.swift */; };
		12EFA4021ADFA63000B9884C /* ConversionViewController.swift in Sources */ = {isa = PBXBuildFile; fileRef = 120927E11A87E37F0023D05B /* ConversionViewController.swift */; };
		12F20B1C1ABED56700B5611A /* ChangeHeaderViewController.swift in Sources */ = {isa = PBXBuildFile; fileRef = 12F20B1B1ABED56700B5611A /* ChangeHeaderViewController.swift */; };
		12F53EE71ACF5F23006A0B94 /* MIT_template.txt in Resources */ = {isa = PBXBuildFile; fileRef = 12F53EE61ACF5F18006A0B94 /* MIT_template.txt */; };
		12F983801A4D8BC30041FE43 /* DocumentAnalyzer.swift in Sources */ = {isa = PBXBuildFile; fileRef = 12F9837E1A4D8BC30041FE43 /* DocumentAnalyzer.swift */; };
		12F983841A4D92380041FE43 /* Base.swift in Sources */ = {isa = PBXBuildFile; fileRef = 12F983831A4D92380041FE43 /* Base.swift */; };
/* End PBXBuildFile section */

/* Begin PBXContainerItemProxy section */
		1214AF6A1A4B346100F31ED8 /* PBXContainerItemProxy */ = {
			isa = PBXContainerItemProxy;
			containerPortal = 1214AF4D1A4B346100F31ED8 /* Project object */;
			proxyType = 1;
			remoteGlobalIDString = 1214AF541A4B346100F31ED8;
			remoteInfo = "LazyCocoa-MacApp";
		};
/* End PBXContainerItemProxy section */

/* Begin PBXCopyFilesBuildPhase section */
		126A85E91B101F3900E6C3C1 /* CopyFiles */ = {
			isa = PBXCopyFilesBuildPhase;
			buildActionMask = 2147483647;
			dstPath = /usr/share/man/man1/;
			dstSubfolderSpec = 0;
			files = (
			);
			runOnlyForDeploymentPostprocessing = 1;
		};
/* End PBXCopyFilesBuildPhase section */

/* Begin PBXFileReference section */
		120927E11A87E37F0023D05B /* ConversionViewController.swift */ = {isa = PBXFileReference; fileEncoding = 4; lastKnownFileType = sourcecode.swift; path = ConversionViewController.swift; sourceTree = "<group>"; };
		120D1CBB1AD6C3ED0062B26E /* SourceDemo.txt */ = {isa = PBXFileReference; fileEncoding = 4; lastKnownFileType = text; path = SourceDemo.txt; sourceTree = "<group>"; };
		1214AF551A4B346100F31ED8 /* LazyCocoa-MacApp.app */ = {isa = PBXFileReference; explicitFileType = wrapper.application; includeInIndex = 0; path = "LazyCocoa-MacApp.app"; sourceTree = BUILT_PRODUCTS_DIR; };
		1214AF591A4B346100F31ED8 /* Info.plist */ = {isa = PBXFileReference; lastKnownFileType = text.plist.xml; path = Info.plist; sourceTree = "<group>"; };
		1214AF5A1A4B346100F31ED8 /* AppDelegate.swift */ = {isa = PBXFileReference; lastKnownFileType = sourcecode.swift; path = AppDelegate.swift; sourceTree = "<group>"; };
		1214AF5C1A4B346100F31ED8 /* SourceEditViewController.swift */ = {isa = PBXFileReference; lastKnownFileType = sourcecode.swift; path = SourceEditViewController.swift; sourceTree = "<group>"; };
		1214AF601A4B346100F31ED8 /* Images.xcassets */ = {isa = PBXFileReference; lastKnownFileType = folder.assetcatalog; path = Images.xcassets; sourceTree = "<group>"; };
		1214AF631A4B346100F31ED8 /* Base */ = {isa = PBXFileReference; lastKnownFileType = file.storyboard; name = Base; path = Base.lproj/Main.storyboard; sourceTree = "<group>"; };
		1214AF691A4B346100F31ED8 /* LazyCocoa-MacAppTests.xctest */ = {isa = PBXFileReference; explicitFileType = wrapper.cfbundle; includeInIndex = 0; path = "LazyCocoa-MacAppTests.xctest"; sourceTree = BUILT_PRODUCTS_DIR; };
		1214AF6E1A4B346100F31ED8 /* Info.plist */ = {isa = PBXFileReference; lastKnownFileType = text.plist.xml; path = Info.plist; sourceTree = "<group>"; };
		1214AF6F1A4B346100F31ED8 /* LazyCocoa_MacAppTests.swift */ = {isa = PBXFileReference; lastKnownFileType = sourcecode.swift; path = LazyCocoa_MacAppTests.swift; sourceTree = "<group>"; };
		12153D0D1AE1413E002B34D0 /* ChangeHeader.swift */ = {isa = PBXFileReference; fileEncoding = 4; lastKnownFileType = sourcecode.swift; path = ChangeHeader.swift; sourceTree = "<group>"; };
		12153D0F1AE1413E002B34D0 /* Extensions.swift */ = {isa = PBXFileReference; fileEncoding = 4; lastKnownFileType = sourcecode.swift; path = Extensions.swift; sourceTree = "<group>"; };
		121DAF9F1B155875000A48A4 /* MainViewController.swift */ = {isa = PBXFileReference; fileEncoding = 4; lastKnownFileType = sourcecode.swift; path = MainViewController.swift; sourceTree = "<group>"; };
		1221E31B1B3D2A0300707430 /* LoadingView.xib */ = {isa = PBXFileReference; fileEncoding = 4; lastKnownFileType = file.xib; path = LoadingView.xib; sourceTree = "<group>"; };
		1221E31E1B3D33E700707430 /* OptionsView.xib */ = {isa = PBXFileReference; fileEncoding = 4; lastKnownFileType = file.xib; path = OptionsView.xib; sourceTree = "<group>"; };
		1221E3201B3D340200707430 /* OptionsView.swift */ = {isa = PBXFileReference; fileEncoding = 4; lastKnownFileType = sourcecode.swift; path = OptionsView.swift; sourceTree = "<group>"; };
		122941E91AAB77B700782A2C /* UserDefaults.swift */ = {isa = PBXFileReference; fileEncoding = 4; lastKnownFileType = sourcecode.swift; path = UserDefaults.swift; sourceTree = "<group>"; };
		124667D11B3AE0E100D80FDB /* BaseViewController.swift */ = {isa = PBXFileReference; fileEncoding = 4; lastKnownFileType = sourcecode.swift; path = BaseViewController.swift; sourceTree = "<group>"; };
		12475E0F1B18510900102982 /* MainProgram.swift */ = {isa = PBXFileReference; fileEncoding = 4; lastKnownFileType = sourcecode.swift; path = MainProgram.swift; sourceTree = "<group>"; };
		1248E9451B1F15B1001E2B00 /* LoadingView.swift */ = {isa = PBXFileReference; fileEncoding = 4; lastKnownFileType = sourcecode.swift; path = LoadingView.swift; sourceTree = "<group>"; };
		124E2A951AD55F5E00174583 /* ColorFormatter.swift */ = {isa = PBXFileReference; fileEncoding = 4; lastKnownFileType = sourcecode.swift; path = ColorFormatter.swift; sourceTree = "<group>"; };
		124E2A981AD590E800174583 /* ColorScannerDemo.txt */ = {isa = PBXFileReference; fileEncoding = 4; lastKnownFileType = text; path = ColorScannerDemo.txt; sourceTree = "<group>"; };
		1251B5B71B11D37900F4A051 /* lzyc-Bridging-Header.h */ = {isa = PBXFileReference; fileEncoding = 4; lastKnownFileType = sourcecode.c.h; path = "lzyc-Bridging-Header.h"; sourceTree = "<group>"; };
		1251B5B81B11D37900F4A051 /* LZYDataManager.h */ = {isa = PBXFileReference; fileEncoding = 4; lastKnownFileType = sourcecode.c.h; path = LZYDataManager.h; sourceTree = "<group>"; };
		1251B5B91B11D37900F4A051 /* LZYDataManager.m */ = {isa = PBXFileReference; fileEncoding = 4; lastKnownFileType = sourcecode.c.objc; path = LZYDataManager.m; sourceTree = "<group>"; };
		1251B5BB1B11D44C00F4A051 /* StringExtensions.swift */ = {isa = PBXFileReference; fileEncoding = 4; lastKnownFileType = sourcecode.swift; path = StringExtensions.swift; sourceTree = "<group>"; };
		126A85EB1B101F3900E6C3C1 /* lzyc */ = {isa = PBXFileReference; explicitFileType = "compiled.mach-o.executable"; includeInIndex = 0; path = lzyc; sourceTree = BUILT_PRODUCTS_DIR; };
		126A85ED1B101F3900E6C3C1 /* main.swift */ = {isa = PBXFileReference; lastKnownFileType = sourcecode.swift; path = main.swift; sourceTree = "<group>"; };
		12767EE91A503E0E00BCFED3 /* DocumentComponents.swift */ = {isa = PBXFileReference; fileEncoding = 4; lastKnownFileType = sourcecode.swift; path = DocumentComponents.swift; sourceTree = "<group>"; };
		1288C4761AFB983E0067EB60 /* CodeGeneration.swift */ = {isa = PBXFileReference; fileEncoding = 4; lastKnownFileType = sourcecode.swift; path = CodeGeneration.swift; sourceTree = "<group>"; };
		1298A5A61B270451007C97B9 /* LazyCocoa_MacAppTests-Bridging-Header.h */ = {isa = PBXFileReference; fileEncoding = 4; lastKnownFileType = sourcecode.c.h; path = "LazyCocoa_MacAppTests-Bridging-Header.h"; sourceTree = "<group>"; };
		12C5359C1A8C216900B1B287 /* NewScanningMechanism.swift */ = {isa = PBXFileReference; fileEncoding = 4; lastKnownFileType = sourcecode.swift; path = NewScanningMechanism.swift; sourceTree = "<group>"; };
		12CA44F51B2EEBD300286A0E /* NSViewExtensions.h */ = {isa = PBXFileReference; fileEncoding = 4; lastKnownFileType = sourcecode.c.h; path = NSViewExtensions.h; sourceTree = "<group>"; };
		12CA44F61B2EEBD300286A0E /* NSViewExtensions.m */ = {isa = PBXFileReference; fileEncoding = 4; lastKnownFileType = sourcecode.c.objc; path = NSViewExtensions.m; sourceTree = "<group>"; };
		12DC16151B0B636700BDB5C5 /* LineNumberRulerView.swift */ = {isa = PBXFileReference; fileEncoding = 4; lastKnownFileType = sourcecode.swift; path = LineNumberRulerView.swift; sourceTree = "<group>"; };
		12E12DD01A89181D001E96E0 /* ColorScanner.swift */ = {isa = PBXFileReference; fileEncoding = 4; lastKnownFileType = sourcecode.swift; path = ColorScanner.swift; sourceTree = "<group>"; };
		12F20B1B1ABED56700B5611A /* ChangeHeaderViewController.swift */ = {isa = PBXFileReference; fileEncoding = 4; lastKnownFileType = sourcecode.swift; path = ChangeHeaderViewController.swift; sourceTree = "<group>"; };
		12F53EE61ACF5F18006A0B94 /* MIT_template.txt */ = {isa = PBXFileReference; lastKnownFileType = text; path = MIT_template.txt; sourceTree = "<group>"; };
		12F9837E1A4D8BC30041FE43 /* DocumentAnalyzer.swift */ = {isa = PBXFileReference; fileEncoding = 4; lastKnownFileType = sourcecode.swift; path = DocumentAnalyzer.swift; sourceTree = "<group>"; };
		12F983831A4D92380041FE43 /* Base.swift */ = {isa = PBXFileReference; fileEncoding = 4; lastKnownFileType = sourcecode.swift; path = Base.swift; sourceTree = "<group>"; };
		12FAA5611A4EF04400C3312B /* LazyCocoa-MacApp-Bridging-Header.h */ = {isa = PBXFileReference; lastKnownFileType = sourcecode.c.h; path = "LazyCocoa-MacApp-Bridging-Header.h"; sourceTree = "<group>"; };
/* End PBXFileReference section */

/* Begin PBXFrameworksBuildPhase section */
		1214AF521A4B346100F31ED8 /* Frameworks */ = {
			isa = PBXFrameworksBuildPhase;
			buildActionMask = 2147483647;
			files = (
			);
			runOnlyForDeploymentPostprocessing = 0;
		};
		1214AF661A4B346100F31ED8 /* Frameworks */ = {
			isa = PBXFrameworksBuildPhase;
			buildActionMask = 2147483647;
			files = (
			);
			runOnlyForDeploymentPostprocessing = 0;
		};
		126A85E81B101F3900E6C3C1 /* Frameworks */ = {
			isa = PBXFrameworksBuildPhase;
			buildActionMask = 2147483647;
			files = (
			);
			runOnlyForDeploymentPostprocessing = 0;
		};
/* End PBXFrameworksBuildPhase section */

/* Begin PBXGroup section */
		1214AF4C1A4B346100F31ED8 = {
			isa = PBXGroup;
			children = (
				1214AF571A4B346100F31ED8 /* LazyCocoa-MacApp */,
				1214AF6C1A4B346100F31ED8 /* LazyCocoa-MacAppTests */,
				126A85EC1B101F3900E6C3C1 /* lzyc */,
				1214AF561A4B346100F31ED8 /* Products */,
			);
			sourceTree = "<group>";
		};
		1214AF561A4B346100F31ED8 /* Products */ = {
			isa = PBXGroup;
			children = (
				1214AF551A4B346100F31ED8 /* LazyCocoa-MacApp.app */,
				1214AF691A4B346100F31ED8 /* LazyCocoa-MacAppTests.xctest */,
				126A85EB1B101F3900E6C3C1 /* lzyc */,
			);
			name = Products;
			sourceTree = "<group>";
		};
		1214AF571A4B346100F31ED8 /* LazyCocoa-MacApp */ = {
			isa = PBXGroup;
			children = (
				12F9837C1A4D8BC30041FE43 /* Core */,
				1214AF5A1A4B346100F31ED8 /* AppDelegate.swift */,
				124667D11B3AE0E100D80FDB /* BaseViewController.swift */,
				1214AF5C1A4B346100F31ED8 /* SourceEditViewController.swift */,
				12DC16151B0B636700BDB5C5 /* LineNumberRulerView.swift */,
				1248E9451B1F15B1001E2B00 /* LoadingView.swift */,
				1221E3201B3D340200707430 /* OptionsView.swift */,
				120927E11A87E37F0023D05B /* ConversionViewController.swift */,
				12F20B1B1ABED56700B5611A /* ChangeHeaderViewController.swift */,
				121DAF9F1B155875000A48A4 /* MainViewController.swift */,
				1214AF601A4B346100F31ED8 /* Images.xcassets */,
				12F53EE61ACF5F18006A0B94 /* MIT_template.txt */,
				124E2A981AD590E800174583 /* ColorScannerDemo.txt */,
				120D1CBB1AD6C3ED0062B26E /* SourceDemo.txt */,
				1214AF621A4B346100F31ED8 /* Main.storyboard */,
				1221E31B1B3D2A0300707430 /* LoadingView.xib */,
				1221E31E1B3D33E700707430 /* OptionsView.xib */,
				1214AF581A4B346100F31ED8 /* Supporting Files */,
			);
			path = "LazyCocoa-MacApp";
			sourceTree = "<group>";
		};
		1214AF581A4B346100F31ED8 /* Supporting Files */ = {
			isa = PBXGroup;
			children = (
				1214AF591A4B346100F31ED8 /* Info.plist */,
			);
			name = "Supporting Files";
			sourceTree = "<group>";
		};
		1214AF6C1A4B346100F31ED8 /* LazyCocoa-MacAppTests */ = {
			isa = PBXGroup;
			children = (
				1214AF6F1A4B346100F31ED8 /* LazyCocoa_MacAppTests.swift */,
				1298A5A61B270451007C97B9 /* LazyCocoa_MacAppTests-Bridging-Header.h */,
				1214AF6D1A4B346100F31ED8 /* Supporting Files */,
			);
			path = "LazyCocoa-MacAppTests";
			sourceTree = "<group>";
		};
		1214AF6D1A4B346100F31ED8 /* Supporting Files */ = {
			isa = PBXGroup;
			children = (
				1214AF6E1A4B346100F31ED8 /* Info.plist */,
			);
			name = "Supporting Files";
			sourceTree = "<group>";
		};
		126A85EC1B101F3900E6C3C1 /* lzyc */ = {
			isa = PBXGroup;
			children = (
				1251B5B71B11D37900F4A051 /* lzyc-Bridging-Header.h */,
				1251B5B81B11D37900F4A051 /* LZYDataManager.h */,
				1251B5B91B11D37900F4A051 /* LZYDataManager.m */,
				126A85ED1B101F3900E6C3C1 /* main.swift */,
			);
			path = lzyc;
			sourceTree = "<group>";
		};
		12F9837C1A4D8BC30041FE43 /* Core */ = {
			isa = PBXGroup;
			children = (
				12F983831A4D92380041FE43 /* Base.swift */,
				12153D0D1AE1413E002B34D0 /* ChangeHeader.swift */,
				1288C4761AFB983E0067EB60 /* CodeGeneration.swift */,
				124E2A951AD55F5E00174583 /* ColorFormatter.swift */,
				12E12DD01A89181D001E96E0 /* ColorScanner.swift */,
				12F9837E1A4D8BC30041FE43 /* DocumentAnalyzer.swift */,
				12767EE91A503E0E00BCFED3 /* DocumentComponents.swift */,
				12153D0F1AE1413E002B34D0 /* Extensions.swift */,
				12FAA5611A4EF04400C3312B /* LazyCocoa-MacApp-Bridging-Header.h */,
				12C5359C1A8C216900B1B287 /* NewScanningMechanism.swift */,
				12475E0F1B18510900102982 /* MainProgram.swift */,
				1251B5BB1B11D44C00F4A051 /* StringExtensions.swift */,
				122941E91AAB77B700782A2C /* UserDefaults.swift */,
				12CA44F51B2EEBD300286A0E /* NSViewExtensions.h */,
				12CA44F61B2EEBD300286A0E /* NSViewExtensions.m */,
			);
			path = Core;
			sourceTree = "<group>";
		};
/* End PBXGroup section */

/* Begin PBXNativeTarget section */
		1214AF541A4B346100F31ED8 /* LazyCocoa-MacApp */ = {
			isa = PBXNativeTarget;
			buildConfigurationList = 1214AF731A4B346100F31ED8 /* Build configuration list for PBXNativeTarget "LazyCocoa-MacApp" */;
			buildPhases = (
				1214AF511A4B346100F31ED8 /* Sources */,
				1214AF521A4B346100F31ED8 /* Frameworks */,
				1214AF531A4B346100F31ED8 /* Resources */,
			);
			buildRules = (
			);
			dependencies = (
			);
			name = "LazyCocoa-MacApp";
			productName = "LazyCocoa-MacApp";
			productReference = 1214AF551A4B346100F31ED8 /* LazyCocoa-MacApp.app */;
			productType = "com.apple.product-type.application";
		};
		1214AF681A4B346100F31ED8 /* LazyCocoa-MacAppTests */ = {
			isa = PBXNativeTarget;
			buildConfigurationList = 1214AF761A4B346100F31ED8 /* Build configuration list for PBXNativeTarget "LazyCocoa-MacAppTests" */;
			buildPhases = (
				1214AF651A4B346100F31ED8 /* Sources */,
				1214AF661A4B346100F31ED8 /* Frameworks */,
				1214AF671A4B346100F31ED8 /* Resources */,
			);
			buildRules = (
			);
			dependencies = (
				1214AF6B1A4B346100F31ED8 /* PBXTargetDependency */,
			);
			name = "LazyCocoa-MacAppTests";
			productName = "LazyCocoa-MacAppTests";
			productReference = 1214AF691A4B346100F31ED8 /* LazyCocoa-MacAppTests.xctest */;
			productType = "com.apple.product-type.bundle.unit-test";
		};
		126A85EA1B101F3900E6C3C1 /* lzyc */ = {
			isa = PBXNativeTarget;
			buildConfigurationList = 126A85F11B101F3900E6C3C1 /* Build configuration list for PBXNativeTarget "lzyc" */;
			buildPhases = (
				126A85E71B101F3900E6C3C1 /* Sources */,
				126A85E81B101F3900E6C3C1 /* Frameworks */,
				126A85E91B101F3900E6C3C1 /* CopyFiles */,
			);
			buildRules = (
			);
			dependencies = (
			);
			name = lzyc;
			productName = lzyc;
			productReference = 126A85EB1B101F3900E6C3C1 /* lzyc */;
			productType = "com.apple.product-type.tool";
		};
/* End PBXNativeTarget section */

/* Begin PBXProject section */
		1214AF4D1A4B346100F31ED8 /* Project object */ = {
			isa = PBXProject;
			attributes = {
				LastSwiftMigration = 0730;
				LastSwiftUpdateCheck = 0730;
				LastUpgradeCheck = 0610;
				ORGANIZATIONNAME = "Yichi Zhang";
				TargetAttributes = {
					1214AF541A4B346100F31ED8 = {
						CreatedOnToolsVersion = 6.1.1;
						LastSwiftMigration = 0820;
					};
					1214AF681A4B346100F31ED8 = {
						CreatedOnToolsVersion = 6.1.1;
						LastSwiftMigration = 0820;
						TestTargetID = 1214AF541A4B346100F31ED8;
					};
					126A85EA1B101F3900E6C3C1 = {
						CreatedOnToolsVersion = 6.3;
					};
				};
			};
			buildConfigurationList = 1214AF501A4B346100F31ED8 /* Build configuration list for PBXProject "LazyCocoa-MacApp" */;
			compatibilityVersion = "Xcode 3.2";
			developmentRegion = English;
			hasScannedForEncodings = 0;
			knownRegions = (
				en,
				Base,
			);
			mainGroup = 1214AF4C1A4B346100F31ED8;
			productRefGroup = 1214AF561A4B346100F31ED8 /* Products */;
			projectDirPath = "";
			projectRoot = "";
			targets = (
				1214AF541A4B346100F31ED8 /* LazyCocoa-MacApp */,
				1214AF681A4B346100F31ED8 /* LazyCocoa-MacAppTests */,
				126A85EA1B101F3900E6C3C1 /* lzyc */,
			);
		};
/* End PBXProject section */

/* Begin PBXResourcesBuildPhase section */
		1214AF531A4B346100F31ED8 /* Resources */ = {
			isa = PBXResourcesBuildPhase;
			buildActionMask = 2147483647;
			files = (
				1221E31F1B3D33E700707430 /* OptionsView.xib in Resources */,
				120D1CBC1AD6C3ED0062B26E /* SourceDemo.txt in Resources */,
				12F53EE71ACF5F23006A0B94 /* MIT_template.txt in Resources */,
				12EFA3F11ADFA3B100B9884C /* ColorScannerDemo.txt in Resources */,
				1221E31C1B3D2A0300707430 /* LoadingView.xib in Resources */,
				1214AF611A4B346100F31ED8 /* Images.xcassets in Resources */,
				1214AF641A4B346100F31ED8 /* Main.storyboard in Resources */,
			);
			runOnlyForDeploymentPostprocessing = 0;
		};
		1214AF671A4B346100F31ED8 /* Resources */ = {
			isa = PBXResourcesBuildPhase;
			buildActionMask = 2147483647;
			files = (
				1221E31D1B3D2A1200707430 /* LoadingView.xib in Resources */,
			);
			runOnlyForDeploymentPostprocessing = 0;
		};
/* End PBXResourcesBuildPhase section */

/* Begin PBXSourcesBuildPhase section */
		1214AF511A4B346100F31ED8 /* Sources */ = {
			isa = PBXSourcesBuildPhase;
			buildActionMask = 2147483647;
			files = (
				1214AF5D1A4B346100F31ED8 /* SourceEditViewController.swift in Sources */,
				12153D101AE1413E002B34D0 /* ChangeHeader.swift in Sources */,
				1288C4771AFB983E0067EB60 /* CodeGeneration.swift in Sources */,
				1221E3211B3D340300707430 /* OptionsView.swift in Sources */,
				124667D21B3AE0E100D80FDB /* BaseViewController.swift in Sources */,
				1298A5A51B2703B6007C97B9 /* LZYDataManager.m in Sources */,
				12475E101B18510900102982 /* MainProgram.swift in Sources */,
				12CA44F71B2EEBD300286A0E /* NSViewExtensions.m in Sources */,
				124E2A961AD55F5E00174583 /* ColorFormatter.swift in Sources */,
				12F20B1C1ABED56700B5611A /* ChangeHeaderViewController.swift in Sources */,
				12E12DD11A89181D001E96E0 /* ColorScanner.swift in Sources */,
				1248E9461B1F15B1001E2B00 /* LoadingView.swift in Sources */,
				12153D121AE1413E002B34D0 /* Extensions.swift in Sources */,
				122941EA1AAB77B700782A2C /* UserDefaults.swift in Sources */,
				12DC16161B0B636700BDB5C5 /* LineNumberRulerView.swift in Sources */,
				1214AF5B1A4B346100F31ED8 /* AppDelegate.swift in Sources */,
				120927E21A87E37F0023D05B /* ConversionViewController.swift in Sources */,
				12F983801A4D8BC30041FE43 /* DocumentAnalyzer.swift in Sources */,
				1251B5BC1B11D44C00F4A051 /* StringExtensions.swift in Sources */,
				12F983841A4D92380041FE43 /* Base.swift in Sources */,
				12C5359D1A8C216900B1B287 /* NewScanningMechanism.swift in Sources */,
				121DAFA01B155875000A48A4 /* MainViewController.swift in Sources */,
				12767EEA1A503E0E00BCFED3 /* DocumentComponents.swift in Sources */,
				124E2A991AD590E800174583 /* ColorScannerDemo.txt in Sources */,
			);
			runOnlyForDeploymentPostprocessing = 0;
		};
		1214AF651A4B346100F31ED8 /* Sources */ = {
			isa = PBXSourcesBuildPhase;
			buildActionMask = 2147483647;
			files = (
				12EFA4011ADFA62D00B9884C /* ChangeHeaderViewController.swift in Sources */,
				12EFA3FA1ADFA61300B9884C /* DocumentComponents.swift in Sources */,
				1288C4781AFB99180067EB60 /* CodeGeneration.swift in Sources */,
				12153D131AE1414F002B34D0 /* ChangeHeader.swift in Sources */,
				12EFA3FE1ADFA62100B9884C /* SourceEditViewController.swift in Sources */,
				124667D41B3AE18800D80FDB /* BaseViewController.swift in Sources */,
				124E2A971AD565A500174583 /* ColorFormatter.swift in Sources */,
				12EFA4021ADFA63000B9884C /* ConversionViewController.swift in Sources */,
				1298A5A41B2703B6007C97B9 /* LZYDataManager.m in Sources */,
				12153D151AE14156002B34D0 /* Extensions.swift in Sources */,
				12DC16171B0B645A00BDB5C5 /* LineNumberRulerView.swift in Sources */,
				12EFA3FD1ADFA61D00B9884C /* AppDelegate.swift in Sources */,
				12EFA3FC1ADFA61900B9884C /* UserDefaults.swift in Sources */,
				1248E9471B1F31B2001E2B00 /* LoadingView.swift in Sources */,
				12475E121B18512300102982 /* MainProgram.swift in Sources */,
				12EFA3FB1ADFA61500B9884C /* NewScanningMechanism.swift in Sources */,
				1251B5BE1B11D4BF00F4A051 /* StringExtensions.swift in Sources */,
				12EFA3F41ADFA5FC00B9884C /* ColorScanner.swift in Sources */,
				1214AF701A4B346100F31ED8 /* LazyCocoa_MacAppTests.swift in Sources */,
				1221E3221B3D34C000707430 /* OptionsView.swift in Sources */,
				12EFA3F61ADFA60200B9884C /* Base.swift in Sources */,
				12EFA3F81ADFA60D00B9884C /* DocumentAnalyzer.swift in Sources */,
			);
			runOnlyForDeploymentPostprocessing = 0;
		};
		126A85E71B101F3900E6C3C1 /* Sources */ = {
			isa = PBXSourcesBuildPhase;
			buildActionMask = 2147483647;
			files = (
				12A5AD041B120D57004BA2E9 /* Base.swift in Sources */,
				12A5AD081B120D8A004BA2E9 /* DocumentComponents.swift in Sources */,
				12A5AD0B1B120D9C004BA2E9 /* StringExtensions.swift in Sources */,
				12A5AD0C1B120D9F004BA2E9 /* UserDefaults.swift in Sources */,
				12A5AD0A1B120D98004BA2E9 /* NewScanningMechanism.swift in Sources */,
				12475E111B18512200102982 /* MainProgram.swift in Sources */,
				126A85EE1B101F3900E6C3C1 /* main.swift in Sources */,
				12A5AD091B120D90004BA2E9 /* Extensions.swift in Sources */,
				12A5AD061B120D62004BA2E9 /* ColorFormatter.swift in Sources */,
				12A5AD031B120D3C004BA2E9 /* DocumentAnalyzer.swift in Sources */,
				12A5AD051B120D5E004BA2E9 /* CodeGeneration.swift in Sources */,
				1251B5BA1B11D37900F4A051 /* LZYDataManager.m in Sources */,
			);
			runOnlyForDeploymentPostprocessing = 0;
		};
/* End PBXSourcesBuildPhase section */

/* Begin PBXTargetDependency section */
		1214AF6B1A4B346100F31ED8 /* PBXTargetDependency */ = {
			isa = PBXTargetDependency;
			target = 1214AF541A4B346100F31ED8 /* LazyCocoa-MacApp */;
			targetProxy = 1214AF6A1A4B346100F31ED8 /* PBXContainerItemProxy */;
		};
/* End PBXTargetDependency section */

/* Begin PBXVariantGroup section */
		1214AF621A4B346100F31ED8 /* Main.storyboard */ = {
			isa = PBXVariantGroup;
			children = (
				1214AF631A4B346100F31ED8 /* Base */,
			);
			name = Main.storyboard;
			sourceTree = "<group>";
		};
/* End PBXVariantGroup section */

/* Begin XCBuildConfiguration section */
		1214AF711A4B346100F31ED8 /* Debug */ = {
			isa = XCBuildConfiguration;
			buildSettings = {
				ALWAYS_SEARCH_USER_PATHS = NO;
				CLANG_CXX_LANGUAGE_STANDARD = "gnu++0x";
				CLANG_CXX_LIBRARY = "libc++";
				CLANG_ENABLE_MODULES = YES;
				CLANG_ENABLE_OBJC_ARC = YES;
				CLANG_WARN_BOOL_CONVERSION = YES;
				CLANG_WARN_CONSTANT_CONVERSION = YES;
				CLANG_WARN_DIRECT_OBJC_ISA_USAGE = YES_ERROR;
				CLANG_WARN_EMPTY_BODY = YES;
				CLANG_WARN_ENUM_CONVERSION = YES;
				CLANG_WARN_INT_CONVERSION = YES;
				CLANG_WARN_OBJC_ROOT_CLASS = YES_ERROR;
				CLANG_WARN_UNREACHABLE_CODE = YES;
				CLANG_WARN__DUPLICATE_METHOD_MATCH = YES;
				CODE_SIGN_IDENTITY = "";
				COPY_PHASE_STRIP = NO;
				ENABLE_STRICT_OBJC_MSGSEND = YES;
				GCC_C_LANGUAGE_STANDARD = gnu99;
				GCC_DYNAMIC_NO_PIC = NO;
				GCC_OPTIMIZATION_LEVEL = 0;
				GCC_PREPROCESSOR_DEFINITIONS = (
					"DEBUG=1",
					"$(inherited)",
				);
				GCC_SYMBOLS_PRIVATE_EXTERN = NO;
				GCC_WARN_64_TO_32_BIT_CONVERSION = YES;
				GCC_WARN_ABOUT_RETURN_TYPE = YES_ERROR;
				GCC_WARN_UNDECLARED_SELECTOR = YES;
				GCC_WARN_UNINITIALIZED_AUTOS = YES_AGGRESSIVE;
				GCC_WARN_UNUSED_FUNCTION = YES;
				GCC_WARN_UNUSED_VARIABLE = YES;
				MACOSX_DEPLOYMENT_TARGET = 10.10;
				MTL_ENABLE_DEBUG_INFO = YES;
				ONLY_ACTIVE_ARCH = YES;
				SDKROOT = macosx;
				SWIFT_OPTIMIZATION_LEVEL = "-Onone";
			};
			name = Debug;
		};
		1214AF721A4B346100F31ED8 /* Release */ = {
			isa = XCBuildConfiguration;
			buildSettings = {
				ALWAYS_SEARCH_USER_PATHS = NO;
				CLANG_CXX_LANGUAGE_STANDARD = "gnu++0x";
				CLANG_CXX_LIBRARY = "libc++";
				CLANG_ENABLE_MODULES = YES;
				CLANG_ENABLE_OBJC_ARC = YES;
				CLANG_WARN_BOOL_CONVERSION = YES;
				CLANG_WARN_CONSTANT_CONVERSION = YES;
				CLANG_WARN_DIRECT_OBJC_ISA_USAGE = YES_ERROR;
				CLANG_WARN_EMPTY_BODY = YES;
				CLANG_WARN_ENUM_CONVERSION = YES;
				CLANG_WARN_INT_CONVERSION = YES;
				CLANG_WARN_OBJC_ROOT_CLASS = YES_ERROR;
				CLANG_WARN_UNREACHABLE_CODE = YES;
				CLANG_WARN__DUPLICATE_METHOD_MATCH = YES;
				CODE_SIGN_IDENTITY = "";
				COPY_PHASE_STRIP = YES;
				DEBUG_INFORMATION_FORMAT = "dwarf-with-dsym";
				ENABLE_NS_ASSERTIONS = NO;
				ENABLE_STRICT_OBJC_MSGSEND = YES;
				GCC_C_LANGUAGE_STANDARD = gnu99;
				GCC_WARN_64_TO_32_BIT_CONVERSION = YES;
				GCC_WARN_ABOUT_RETURN_TYPE = YES_ERROR;
				GCC_WARN_UNDECLARED_SELECTOR = YES;
				GCC_WARN_UNINITIALIZED_AUTOS = YES_AGGRESSIVE;
				GCC_WARN_UNUSED_FUNCTION = YES;
				GCC_WARN_UNUSED_VARIABLE = YES;
				MACOSX_DEPLOYMENT_TARGET = 10.10;
				MTL_ENABLE_DEBUG_INFO = NO;
				SDKROOT = macosx;
			};
			name = Release;
		};
		1214AF741A4B346100F31ED8 /* Debug */ = {
			isa = XCBuildConfiguration;
			buildSettings = {
				ASSETCATALOG_COMPILER_APPICON_NAME = AppIcon;
				CLANG_ENABLE_MODULES = YES;
				CODE_SIGN_IDENTITY = "";
				COMBINE_HIDPI_IMAGES = YES;
				INFOPLIST_FILE = "LazyCocoa-MacApp/Info.plist";
				LD_RUNPATH_SEARCH_PATHS = "$(inherited) @executable_path/../Frameworks";
				OTHER_SWIFT_FLAGS = "-D DEBUG";
				PRODUCT_NAME = "$(TARGET_NAME)";
				SWIFT_OBJC_BRIDGING_HEADER = "LazyCocoa-MacApp/Core/LazyCocoa-MacApp-Bridging-Header.h";
				SWIFT_OPTIMIZATION_LEVEL = "-Onone";
				SWIFT_VERSION = 3.0;
			};
			name = Debug;
		};
		1214AF751A4B346100F31ED8 /* Release */ = {
			isa = XCBuildConfiguration;
			buildSettings = {
				ASSETCATALOG_COMPILER_APPICON_NAME = AppIcon;
				CLANG_ENABLE_MODULES = YES;
				CODE_SIGN_IDENTITY = "";
				COMBINE_HIDPI_IMAGES = YES;
				INFOPLIST_FILE = "LazyCocoa-MacApp/Info.plist";
				LD_RUNPATH_SEARCH_PATHS = "$(inherited) @executable_path/../Frameworks";
				OTHER_SWIFT_FLAGS = "-D DEBUG";
				PRODUCT_NAME = "$(TARGET_NAME)";
				SWIFT_OBJC_BRIDGING_HEADER = "LazyCocoa-MacApp/Core/LazyCocoa-MacApp-Bridging-Header.h";
				SWIFT_VERSION = 3.0;
			};
			name = Release;
		};
		1214AF771A4B346100F31ED8 /* Debug */ = {
			isa = XCBuildConfiguration;
			buildSettings = {
				BUNDLE_LOADER = "$(TEST_HOST)";
				COMBINE_HIDPI_IMAGES = YES;
				FRAMEWORK_SEARCH_PATHS = (
					"$(DEVELOPER_FRAMEWORKS_DIR)",
					"$(inherited)",
				);
				GCC_PREPROCESSOR_DEFINITIONS = (
					"DEBUG=1",
					"$(inherited)",
				);
				INFOPLIST_FILE = "LazyCocoa-MacAppTests/Info.plist";
				LD_RUNPATH_SEARCH_PATHS = "$(inherited) @executable_path/../Frameworks @loader_path/../Frameworks";
				PRODUCT_NAME = "$(TARGET_NAME)";
				SWIFT_OBJC_BRIDGING_HEADER = "LazyCocoa-MacAppTests/LazyCocoa_MacAppTests-Bridging-Header.h";
				SWIFT_VERSION = 3.0;
				TEST_HOST = "$(BUILT_PRODUCTS_DIR)/LazyCocoa-MacApp.app/Contents/MacOS/LazyCocoa-MacApp";
			};
			name = Debug;
		};
		1214AF781A4B346100F31ED8 /* Release */ = {
			isa = XCBuildConfiguration;
			buildSettings = {
				BUNDLE_LOADER = "$(TEST_HOST)";
				COMBINE_HIDPI_IMAGES = YES;
				FRAMEWORK_SEARCH_PATHS = (
					"$(DEVELOPER_FRAMEWORKS_DIR)",
					"$(inherited)",
				);
				INFOPLIST_FILE = "LazyCocoa-MacAppTests/Info.plist";
				LD_RUNPATH_SEARCH_PATHS = "$(inherited) @executable_path/../Frameworks @loader_path/../Frameworks";
				PRODUCT_NAME = "$(TARGET_NAME)";
				SWIFT_OBJC_BRIDGING_HEADER = "LazyCocoa-MacAppTests/LazyCocoa_MacAppTests-Bridging-Header.h";
				SWIFT_VERSION = 3.0;
				TEST_HOST = "$(BUILT_PRODUCTS_DIR)/LazyCocoa-MacApp.app/Contents/MacOS/LazyCocoa-MacApp";
			};
			name = Release;
		};
		126A85EF1B101F3900E6C3C1 /* Debug */ = {
			isa = XCBuildConfiguration;
			buildSettings = {
				CLANG_ENABLE_MODULES = YES;
				DEBUG_INFORMATION_FORMAT = dwarf;
				GCC_NO_COMMON_BLOCKS = YES;
				GCC_PREPROCESSOR_DEFINITIONS = (
					"DEBUG=1",
					"$(inherited)",
				);
				LD_RUNPATH_SEARCH_PATHS = "$(inherited) @executable_path/../Frameworks @loader_path/../Frameworks";
				PRODUCT_NAME = "$(TARGET_NAME)";
				SWIFT_OBJC_BRIDGING_HEADER = "lzyc/lzyc-Bridging-Header.h";
				SWIFT_OPTIMIZATION_LEVEL = "-Onone";
			};
			name = Debug;
		};
		126A85F01B101F3900E6C3C1 /* Release */ = {
			isa = XCBuildConfiguration;
			buildSettings = {
				CLANG_ENABLE_MODULES = YES;
				COPY_PHASE_STRIP = NO;
				GCC_NO_COMMON_BLOCKS = YES;
				LD_RUNPATH_SEARCH_PATHS = "$(inherited) @executable_path/../Frameworks @loader_path/../Frameworks";
				PRODUCT_NAME = "$(TARGET_NAME)";
				SWIFT_OBJC_BRIDGING_HEADER = "lzyc/lzyc-Bridging-Header.h";
			};
			name = Release;
		};
/* End XCBuildConfiguration section */

/* Begin XCConfigurationList section */
		1214AF501A4B346100F31ED8 /* Build configuration list for PBXProject "LazyCocoa-MacApp" */ = {
			isa = XCConfigurationList;
			buildConfigurations = (
				1214AF711A4B346100F31ED8 /* Debug */,
				1214AF721A4B346100F31ED8 /* Release */,
			);
			defaultConfigurationIsVisible = 0;
			defaultConfigurationName = Release;
		};
		1214AF731A4B346100F31ED8 /* Build configuration list for PBXNativeTarget "LazyCocoa-MacApp" */ = {
			isa = XCConfigurationList;
			buildConfigurations = (
				1214AF741A4B346100F31ED8 /* Debug */,
				1214AF751A4B346100F31ED8 /* Release */,
			);
			defaultConfigurationIsVisible = 0;
			defaultConfigurationName = Release;
		};
		1214AF761A4B346100F31ED8 /* Build configuration list for PBXNativeTarget "LazyCocoa-MacAppTests" */ = {
			isa = XCConfigurationList;
			buildConfigurations = (
				1214AF771A4B346100F31ED8 /* Debug */,
				1214AF781A4B346100F31ED8 /* Release */,
			);
			defaultConfigurationIsVisible = 0;
			defaultConfigurationName = Release;
		};
		126A85F11B101F3900E6C3C1 /* Build configuration list for PBXNativeTarget "lzyc" */ = {
			isa = XCConfigurationList;
			buildConfigurations = (
				126A85EF1B101F3900E6C3C1 /* Debug */,
				126A85F01B101F3900E6C3C1 /* Release */,
			);
			defaultConfigurationIsVisible = 0;
			defaultConfigurationName = Release;
		};
/* End XCConfigurationList section */
	};
	rootObject = 1214AF4D1A4B346100F31ED8 /* Project object */;
}
